<?xml version="1.0" encoding="utf-8"?>
<Project ToolsVersion="4.0" xmlns="http://schemas.microsoft.com/developer/msbuild/2003">
  <ItemGroup>
    <Filter Include="Source Files">
      <UniqueIdentifier>{4FC737F1-C7A5-4376-A066-2A32D752A2FF}</UniqueIdentifier>
      <Extensions>cpp;cxx;c;def</Extensions>
    </Filter>
    <Filter Include="Header Files">
      <UniqueIdentifier>{93995380-89BD-4b04-88EB-625FBE52EBFB}</UniqueIdentifier>
      <Extensions>h</Extensions>
    </Filter>
    <Filter Include="Resource Files">
      <UniqueIdentifier>{D9D6E242-F8AF-46E4-B9FD-80ECBC20BA3E}</UniqueIdentifier>
      <Extensions>qrc;*</Extensions>
      <ParseFiles>false</ParseFiles>
    </Filter>
    <Filter Include="Generated Files">
      <UniqueIdentifier>{71ED8ED8-ACB9-4CE9-BBE1-E00B30144E11}</UniqueIdentifier>
      <Extensions>moc;h;cpp</Extensions>
      <SourceControlFiles>False</SourceControlFiles>
    </Filter>
    <Filter Include="Generated Files\Debug">
      <UniqueIdentifier>{9605c0c3-acdf-4c94-a5c7-c36f4f555f28}</UniqueIdentifier>
      <Extensions>cpp;moc</Extensions>
      <SourceControlFiles>False</SourceControlFiles>
    </Filter>
    <Filter Include="Generated Files\Release">
      <UniqueIdentifier>{c9e14afe-4f54-4e15-ac00-a471bd6ccf5d}</UniqueIdentifier>
      <Extensions>cpp;moc</Extensions>
      <SourceControlFiles>False</SourceControlFiles>
    </Filter>
    <Filter Include="Source Files\Core">
      <UniqueIdentifier>{64a1c378-9c5d-46f6-b501-8eaf227a741b}</UniqueIdentifier>
    </Filter>
    <Filter Include="Header Files\Core">
      <UniqueIdentifier>{1c66b12c-cd83-4be3-b600-608955df767c}</UniqueIdentifier>
    </Filter>
  </ItemGroup>
  <ItemGroup>
    <ClCompile Include="GeneratedFiles\qrc_Resources.cpp">
      <Filter>Generated Files</Filter>
    </ClCompile>
    <ClCompile Include="BaseRateTable.cpp">
      <Filter>Source Files\Core</Filter>
    </ClCompile>
    <ClCompile Include="BaseRateVect.cpp">
      <Filter>Source Files\Core</Filter>
    </ClCompile>
    <ClCompile Include="BloombergVector.cpp">
      <Filter>Source Files\Core</Filter>
    </ClCompile>
    <ClCompile Include="BoolVector.cpp">
      <Filter>Source Files\Core</Filter>
    </ClCompile>
    <ClCompile Include="CentralUnit.cpp">
      <Filter>Source Files\Core</Filter>
    </ClCompile>
    <ClCompile Include="ChartsWidget.cpp">
      <Filter>Source Files\Core</Filter>
    </ClCompile>
    <ClCompile Include="CommonFunctions.cpp">
      <Filter>Source Files\Core</Filter>
    </ClCompile>
    <ClCompile Include="ExcelCommons.cpp">
      <Filter>Source Files\Core</Filter>
    </ClCompile>
    <ClCompile Include="ExcelInput.cpp">
      <Filter>Source Files\Core</Filter>
    </ClCompile>
    <ClCompile Include="ExcelOutput.cpp">
      <Filter>Source Files\Core</Filter>
    </ClCompile>
    <ClCompile Include="GenericCashFlow.cpp">
      <Filter>Source Files\Core</Filter>
    </ClCompile>
    <ClCompile Include="IntegerVector.cpp">
      <Filter>Source Files\Core</Filter>
    </ClCompile>
    <ClCompile Include="IRSwap.cpp">
      <Filter>Source Files\Core</Filter>
    </ClCompile>
    <ClCompile Include="Mortgage.cpp">
      <Filter>Source Files\Core</Filter>
    </ClCompile>
    <ClCompile Include="MtgCalculator.cpp">
      <Filter>Source Files\Core</Filter>
    </ClCompile>
    <ClCompile Include="MtgCalculatorThread.cpp">
      <Filter>Source Files\Core</Filter>
    </ClCompile>
    <ClCompile Include="MtgCashFlow.cpp">
      <Filter>Source Files\Core</Filter>
    </ClCompile>
    <ClCompile Include="ProgressWidget.cpp">
      <Filter>Source Files\Core</Filter>
    </ClCompile>
    <ClCompile Include="QBbgRequest.cpp">
      <Filter>Source Files\Core</Filter>
    </ClCompile>
    <ClCompile Include="QBbgResultsIterator.cpp">
      <Filter>Source Files\Core</Filter>
    </ClCompile>
    <ClCompile Include="QBbgWorker.cpp">
      <Filter>Source Files\Core</Filter>
    </ClCompile>
    <ClCompile Include="QSingleBbgRequest.cpp">
      <Filter>Source Files\Core</Filter>
    </ClCompile>
    <ClCompile Include="QSingleBbgResult.cpp">
      <Filter>Source Files\Core</Filter>
    </ClCompile>
    <ClCompile Include="ReinvestmentTest.cpp">
      <Filter>Source Files\Core</Filter>
    </ClCompile>
    <ClCompile Include="RepaymentVector.cpp">
      <Filter>Source Files\Core</Filter>
    </ClCompile>
    <ClCompile Include="ReserveFund.cpp">
      <Filter>Source Files\Core</Filter>
    </ClCompile>
    <ClCompile Include="StressTest.cpp">
      <Filter>Source Files\Core</Filter>
    </ClCompile>
    <ClCompile Include="StressViewer.cpp">
      <Filter>Source Files\Core</Filter>
    </ClCompile>
    <ClCompile Include="SummaryView.cpp">
      <Filter>Source Files\Core</Filter>
    </ClCompile>
    <ClCompile Include="Tranche.cpp">
      <Filter>Source Files\Core</Filter>
    </ClCompile>
    <ClCompile Include="TrancheCashFlow.cpp">
      <Filter>Source Files\Core</Filter>
    </ClCompile>
    <ClCompile Include="TrancheViewer.cpp">
      <Filter>Source Files\Core</Filter>
    </ClCompile>
    <ClCompile Include="Waterfall.cpp">
      <Filter>Source Files\Core</Filter>
    </ClCompile>
    <ClCompile Include="WaterfallCalcThread.cpp">
      <Filter>Source Files\Core</Filter>
    </ClCompile>
    <ClCompile Include="WaterfallCalculator.cpp">
      <Filter>Source Files\Core</Filter>
    </ClCompile>
    <ClCompile Include="WaterfallViewer.cpp">
      <Filter>Source Files\Core</Filter>
    </ClCompile>
    <ClCompile Include="WatFalPrior.cpp">
      <Filter>Source Files\Core</Filter>
    </ClCompile>
    <ClCompile Include="ConsoleTestMain.cpp">
      <Filter>Source Files</Filter>
    </ClCompile>
    <ClCompile Include="GeneratedFiles\Debug\moc_WaterfallViewer.cpp">
      <Filter>Generated Files\Debug</Filter>
    </ClCompile>
    <ClCompile Include="GeneratedFiles\Release\moc_WaterfallViewer.cpp">
      <Filter>Generated Files\Release</Filter>
    </ClCompile>
    <ClCompile Include="GeneratedFiles\Debug\moc_WaterfallCalculator.cpp">
      <Filter>Generated Files\Debug</Filter>
    </ClCompile>
    <ClCompile Include="GeneratedFiles\Release\moc_WaterfallCalculator.cpp">
      <Filter>Generated Files\Release</Filter>
    </ClCompile>
    <ClCompile Include="GeneratedFiles\Debug\moc_WaterfallCalcThread.cpp">
      <Filter>Generated Files\Debug</Filter>
    </ClCompile>
    <ClCompile Include="GeneratedFiles\Release\moc_WaterfallCalcThread.cpp">
      <Filter>Generated Files\Release</Filter>
    </ClCompile>
    <ClCompile Include="GeneratedFiles\Debug\moc_TrancheViewer.cpp">
      <Filter>Generated Files\Debug</Filter>
    </ClCompile>
    <ClCompile Include="GeneratedFiles\Release\moc_TrancheViewer.cpp">
      <Filter>Generated Files\Release</Filter>
    </ClCompile>
    <ClCompile Include="GeneratedFiles\Debug\moc_SummaryView.cpp">
      <Filter>Generated Files\Debug</Filter>
    </ClCompile>
    <ClCompile Include="GeneratedFiles\Release\moc_SummaryView.cpp">
      <Filter>Generated Files\Release</Filter>
    </ClCompile>
    <ClCompile Include="GeneratedFiles\Debug\moc_StressTest.cpp">
      <Filter>Generated Files\Debug</Filter>
    </ClCompile>
    <ClCompile Include="GeneratedFiles\Release\moc_StressTest.cpp">
      <Filter>Generated Files\Release</Filter>
    </ClCompile>
    <ClCompile Include="GeneratedFiles\Debug\moc_QBbgWorker.cpp">
      <Filter>Generated Files\Debug</Filter>
    </ClCompile>
    <ClCompile Include="GeneratedFiles\Release\moc_QBbgWorker.cpp">
      <Filter>Generated Files\Release</Filter>
    </ClCompile>
    <ClCompile Include="GeneratedFiles\Debug\moc_ProgressWidget.cpp">
      <Filter>Generated Files\Debug</Filter>
    </ClCompile>
    <ClCompile Include="GeneratedFiles\Release\moc_ProgressWidget.cpp">
      <Filter>Generated Files\Release</Filter>
    </ClCompile>
    <ClCompile Include="GeneratedFiles\Debug\moc_MtgCalculatorThread.cpp">
      <Filter>Generated Files\Debug</Filter>
    </ClCompile>
    <ClCompile Include="GeneratedFiles\Release\moc_MtgCalculatorThread.cpp">
      <Filter>Generated Files\Release</Filter>
    </ClCompile>
    <ClCompile Include="GeneratedFiles\Debug\moc_MtgCalculator.cpp">
      <Filter>Generated Files\Debug</Filter>
    </ClCompile>
    <ClCompile Include="GeneratedFiles\Release\moc_MtgCalculator.cpp">
      <Filter>Generated Files\Release</Filter>
    </ClCompile>
    <ClCompile Include="GeneratedFiles\Debug\moc_ChartsWidget.cpp">
      <Filter>Generated Files\Debug</Filter>
    </ClCompile>
    <ClCompile Include="GeneratedFiles\Release\moc_ChartsWidget.cpp">
      <Filter>Generated Files\Release</Filter>
    </ClCompile>
    <ClCompile Include="GeneratedFiles\Debug\moc_CentralUnit.cpp">
      <Filter>Generated Files\Debug</Filter>
    </ClCompile>
    <ClCompile Include="GeneratedFiles\Release\moc_CentralUnit.cpp">
      <Filter>Generated Files\Release</Filter>
    </ClCompile>
    <ClCompile Include="ConsoleTestObj.cpp">
      <Filter>Source Files</Filter>
    </ClCompile>
    <ClCompile Include="GeneratedFiles\Debug\moc_ConsoleTestObj.cpp">
      <Filter>Generated Files\Debug</Filter>
    </ClCompile>
    <ClCompile Include="GeneratedFiles\Release\moc_ConsoleTestObj.cpp">
      <Filter>Generated Files\Release</Filter>
    </ClCompile>
    <ClCompile Include="DayCountVect.cpp">
      <Filter>Source Files\Core</Filter>
    </ClCompile>
    <ClCompile Include="DateTrigger.cpp">
      <Filter>Source Files\Core</Filter>
    </ClCompile>
    <ClCompile Include="Seniority.cpp">
      <Filter>Source Files\Core</Filter>
    </ClCompile>
    <ClCompile Include="AbstractTrigger.cpp">
      <Filter>Source Files\Core</Filter>
    </ClCompile>
    <ClCompile Include="VectorTrigger.cpp">
      <Filter>Source Files\Core</Filter>
    </ClCompile>
    <ClCompile Include="TrancheTrigger.cpp">
      <Filter>Source Files\Core</Filter>
    </ClCompile>
    <ClCompile Include="PoolSizeTrigger.cpp">
      <Filter>Source Files\Core</Filter>
    </ClCompile>
    <ClCompile Include="AbstractBbgVect.cpp">
      <Filter>Source Files\Core</Filter>
    </ClCompile>
    <ClCompile Include="PrincipalProceeds.cpp">
      <Filter>Source Files\Core</Filter>
    </ClCompile>
    <ClCompile Include="TriggersResults.cpp">
      <Filter>Source Files\Core</Filter>
    </ClCompile>
    <ClCompile Include="AssumptionSet.cpp">
      <Filter>Source Files\Core</Filter>
    </ClCompile>
    <ClCompile Include="GeneratedFiles\Debug\moc_StressViewer.cpp">
      <Filter>Generated Files\Debug</Filter>
    </ClCompile>
    <ClCompile Include="GeneratedFiles\Debug\moc_AbstrAsyncCalculator.cpp">
      <Filter>Generated Files\Debug</Filter>
    </ClCompile>
    <ClCompile Include="GeneratedFiles\Release\moc_AbstrAsyncCalculator.cpp">
      <Filter>Generated Files\Release</Filter>
    </ClCompile>
    <ClCompile Include="GeneratedFiles\Debug\moc_AbstrAsyncThread.cpp">
      <Filter>Generated Files\Debug</Filter>
    </ClCompile>
    <ClCompile Include="GeneratedFiles\Release\moc_AbstrAsyncThread.cpp">
      <Filter>Generated Files\Release</Filter>
    </ClCompile>
    <ClCompile Include="GeneratedFiles\Debug\moc_ScenarioApplier.cpp">
      <Filter>Generated Files\Debug</Filter>
    </ClCompile>
    <ClCompile Include="GeneratedFiles\Release\moc_ScenarioApplier.cpp">
      <Filter>Generated Files\Release</Filter>
    </ClCompile>
    <ClCompile Include="ScenarioApplier.cpp">
      <Filter>Source Files\Core</Filter>
    </ClCompile>
    <ClCompile Include="GeneratedFiles\Debug\moc_ApplyFlowThread.cpp">
      <Filter>Generated Files\Debug</Filter>
    </ClCompile>
    <ClCompile Include="GeneratedFiles\Release\moc_ApplyFlowThread.cpp">
      <Filter>Generated Files\Release</Filter>
    </ClCompile>
    <ClCompile Include="ApplyFlowThread.cpp">
      <Filter>Source Files\Core</Filter>
    </ClCompile>
    <ClCompile Include="GeneratedFiles\Debug\moc_PhasedProgressWidget.cpp">
      <Filter>Generated Files\Debug</Filter>
    </ClCompile>
    <ClCompile Include="GeneratedFiles\Release\moc_PhasedProgressWidget.cpp">
      <Filter>Generated Files\Release</Filter>
    </ClCompile>
    <ClCompile Include="PhasedProgressWidget.cpp">
      <Filter>Source Files\Core</Filter>
    </ClCompile>
    <ClCompile Include="DelinquencyTrigger.cpp">
      <Filter>Source Files\Core</Filter>
    </ClCompile>
  </ItemGroup>
  <ItemGroup>
    <CustomBuild Include="Resources.qrc">
      <Filter>Resource Files</Filter>
    </CustomBuild>
    <CustomBuild Include="CentralUnit.h">
      <Filter>Header Files\Core</Filter>
    </CustomBuild>
    <CustomBuild Include="ChartsWidget.h">
      <Filter>Header Files\Core</Filter>
    </CustomBuild>
    <CustomBuild Include="MtgCalculator.h">
      <Filter>Header Files\Core</Filter>
    </CustomBuild>
    <CustomBuild Include="MtgCalculatorThread.h">
      <Filter>Header Files\Core</Filter>
    </CustomBuild>
    <CustomBuild Include="ProgressWidget.h">
      <Filter>Header Files\Core</Filter>
    </CustomBuild>
    <CustomBuild Include="QBbgWorker.h">
      <Filter>Header Files\Core</Filter>
    </CustomBuild>
    <CustomBuild Include="StressTest.h">
      <Filter>Header Files\Core</Filter>
    </CustomBuild>
    <CustomBuild Include="StressViewer.h">
      <Filter>Header Files\Core</Filter>
    </CustomBuild>
    <CustomBuild Include="SummaryView.h">
      <Filter>Header Files\Core</Filter>
    </CustomBuild>
    <CustomBuild Include="TrancheViewer.h">
      <Filter>Header Files\Core</Filter>
    </CustomBuild>
    <CustomBuild Include="WaterfallCalcThread.h">
      <Filter>Header Files\Core</Filter>
    </CustomBuild>
    <CustomBuild Include="WaterfallCalculator.h">
      <Filter>Header Files\Core</Filter>
    </CustomBuild>
    <CustomBuild Include="WaterfallViewer.h">
      <Filter>Header Files\Core</Filter>
    </CustomBuild>
    <CustomBuild Include="BackwardCompatibilityInterface.h">
      <Filter>Header Files\Core</Filter>
    </CustomBuild>
    <CustomBuild Include="BaseRateTable.h">
      <Filter>Header Files\Core</Filter>
    </CustomBuild>
    <CustomBuild Include="BaseRateVect.h">
      <Filter>Header Files\Core</Filter>
    </CustomBuild>
    <CustomBuild Include="BloombergVector.h">
      <Filter>Header Files\Core</Filter>
    </CustomBuild>
    <CustomBuild Include="BoolVector.h">
      <Filter>Header Files\Core</Filter>
    </CustomBuild>
    <CustomBuild Include="CommonFunctions.h">
      <Filter>Header Files\Core</Filter>
    </CustomBuild>
    <CustomBuild Include="ExcelCommons.h">
      <Filter>Header Files\Core</Filter>
    </CustomBuild>
    <CustomBuild Include="ExcelOutput.h">
      <Filter>Header Files\Core</Filter>
    </CustomBuild>
    <CustomBuild Include="GenericCashFlow.h">
      <Filter>Header Files\Core</Filter>
    </CustomBuild>
    <CustomBuild Include="IntegerVector.h">
      <Filter>Header Files\Core</Filter>
    </CustomBuild>
    <CustomBuild Include="IRSwap.h">
      <Filter>Header Files\Core</Filter>
    </CustomBuild>
    <CustomBuild Include="Mortgage.h">
      <Filter>Header Files\Core</Filter>
    </CustomBuild>
    <CustomBuild Include="MtgCashFlow.h">
      <Filter>Header Files\Core</Filter>
    </CustomBuild>
    <CustomBuild Include="QBbgRequest.h">
      <Filter>Header Files\Core</Filter>
    </CustomBuild>
    <CustomBuild Include="QBbgResultsIterator.h">
      <Filter>Header Files\Core</Filter>
    </CustomBuild>
    <CustomBuild Include="QProjectGlobals.h">
      <Filter>Header Files\Core</Filter>
    </CustomBuild>
    <CustomBuild Include="QSingleBbgRequest.h">
      <Filter>Header Files\Core</Filter>
    </CustomBuild>
    <CustomBuild Include="QSingleBbgResult.h">
      <Filter>Header Files\Core</Filter>
    </CustomBuild>
    <CustomBuild Include="ReinvestmentTest.h">
      <Filter>Header Files\Core</Filter>
    </CustomBuild>
    <CustomBuild Include="RepaymentVector.h">
      <Filter>Header Files\Core</Filter>
    </CustomBuild>
    <CustomBuild Include="ReserveFund.h">
      <Filter>Header Files\Core</Filter>
    </CustomBuild>
    <CustomBuild Include="Tranche.h">
      <Filter>Header Files\Core</Filter>
    </CustomBuild>
    <CustomBuild Include="TrancheCashFlow.h">
      <Filter>Header Files\Core</Filter>
    </CustomBuild>
    <CustomBuild Include="Waterfall.h">
      <Filter>Header Files\Core</Filter>
    </CustomBuild>
    <CustomBuild Include="WatFalPrior.h">
      <Filter>Header Files\Core</Filter>
    </CustomBuild>
    <CustomBuild Include="Resources\Logo.png">
      <Filter>Resource Files</Filter>
    </CustomBuild>
    <CustomBuild Include="Resources\Loading2.gif">
      <Filter>Resource Files</Filter>
    </CustomBuild>
    <CustomBuild Include="Resources\GlobalConfigs.ini">
      <Filter>Resource Files</Filter>
    </CustomBuild>
    <CustomBuild Include="ConsoleTestObj.h">
      <Filter>Header Files</Filter>
    </CustomBuild>
    <CustomBuild Include="AbstractBbgVect.h">
      <Filter>Header Files\Core</Filter>
    </CustomBuild>
    <CustomBuild Include="AbstrAsyncCalculator.h">
      <Filter>Header Files\Core</Filter>
    </CustomBuild>
    <CustomBuild Include="AbstrAsyncThread.h">
      <Filter>Header Files\Core</Filter>
    </CustomBuild>
    <CustomBuild Include="ScenarioApplier.h">
      <Filter>Header Files\Core</Filter>
    </CustomBuild>
    <CustomBuild Include="ApplyFlowThread.h">
      <Filter>Header Files\Core</Filter>
    </CustomBuild>
    <CustomBuild Include="PhasedProgressWidget.h">
      <Filter>Header Files\Core</Filter>
    </CustomBuild>
  </ItemGroup>
  <ItemGroup>
    <ClInclude Include="DayCountVect.h">
      <Filter>Header Files\Core</Filter>
    </ClInclude>
    <ClInclude Include="AbstractTrigger.h">
      <Filter>Header Files\Core</Filter>
    </ClInclude>
    <ClInclude Include="DateTrigger.h">
      <Filter>Header Files\Core</Filter>
    </ClInclude>
    <ClInclude Include="Seniority.h">
      <Filter>Header Files\Core</Filter>
    </ClInclude>
    <ClInclude Include="VectorTrigger.h">
      <Filter>Header Files\Core</Filter>
    </ClInclude>
    <ClInclude Include="PoolSizeTrigger.h">
      <Filter>Header Files\Core</Filter>
    </ClInclude>
    <ClInclude Include="TrancheTrigger.h">
      <Filter>Header Files\Core</Filter>
    </ClInclude>
    <ClInclude Include="PrincipalProceeds.h">
      <Filter>Header Files\Core</Filter>
    </ClInclude>
    <ClInclude Include="TriggersResults.h">
      <Filter>Header Files\Core</Filter>
    </ClInclude>
    <ClInclude Include="AssumptionSet.h">
      <Filter>Header Files\Core</Filter>
    </ClInclude>
    <ClInclude Include="TemplAsyncCalculator.h">
      <Filter>Header Files\Core</Filter>
    </ClInclude>
    <ClInclude Include="TemplAsyncThread.h">
      <Filter>Header Files\Core</Filter>
    </ClInclude>
    <ClInclude Include="DelinquencyTrigger.h">
      <Filter>Header Files\Core</Filter>
    </ClInclude>
  </ItemGroup>
</Project>