<?xml version="1.0" encoding="utf-8"?>
<Project ToolsVersion="4.0" xmlns="http://schemas.microsoft.com/developer/msbuild/2003">
  <ItemGroup>
    <Filter Include="Source Files">
      <UniqueIdentifier>{4FC737F1-C7A5-4376-A066-2A32D752A2FF}</UniqueIdentifier>
      <Extensions>cpp;cxx;c;def</Extensions>
    </Filter>
    <Filter Include="Header Files">
      <UniqueIdentifier>{93995380-89BD-4b04-88EB-625FBE52EBFB}</UniqueIdentifier>
      <Extensions>h</Extensions>
    </Filter>
    <Filter Include="Form Files">
      <UniqueIdentifier>{99349809-55BA-4b9d-BF79-8FDBB0286EB3}</UniqueIdentifier>
      <Extensions>ui</Extensions>
    </Filter>
    <Filter Include="Resource Files">
      <UniqueIdentifier>{D9D6E242-F8AF-46E4-B9FD-80ECBC20BA3E}</UniqueIdentifier>
      <Extensions>qrc;*</Extensions>
      <ParseFiles>false</ParseFiles>
    </Filter>
    <Filter Include="Generated Files">
      <UniqueIdentifier>{71ED8ED8-ACB9-4CE9-BBE1-E00B30144E11}</UniqueIdentifier>
      <Extensions>moc;h;cpp</Extensions>
      <SourceControlFiles>False</SourceControlFiles>
    </Filter>
    <Filter Include="Generated Files\Debug">
      <UniqueIdentifier>{5f8084c3-bf0e-4c68-97ec-c87261a6d400}</UniqueIdentifier>
      <Extensions>cpp;moc</Extensions>
      <SourceControlFiles>False</SourceControlFiles>
    </Filter>
    <Filter Include="Generated Files\Release">
      <UniqueIdentifier>{51af9081-960d-4238-9b4f-80f83cc84c26}</UniqueIdentifier>
      <Extensions>cpp;moc</Extensions>
      <SourceControlFiles>False</SourceControlFiles>
    </Filter>
    <Filter Include="Header Files\Core Files">
      <UniqueIdentifier>{2e76c805-ed1f-47c6-be31-c1a6d11fa0b4}</UniqueIdentifier>
    </Filter>
    <Filter Include="Source Files\Core Files">
      <UniqueIdentifier>{f049ac0b-ae35-4107-be28-7b72806ec3c8}</UniqueIdentifier>
    </Filter>
    <Filter Include="QuaZIP">
      <UniqueIdentifier>{b7f35db6-0dd5-419d-bb0e-11dc8b00f8aa}</UniqueIdentifier>
    </Filter>
  </ItemGroup>
  <ItemGroup>
    <ClInclude Include="AbstarctBbgVect.h">
      <Filter>Header Files\Core Files</Filter>
    </ClInclude>
    <ClInclude Include="BaseRateVect.h">
      <Filter>Header Files\Core Files</Filter>
    </ClInclude>
    <ClInclude Include="BloombergVector.h">
      <Filter>Header Files\Core Files</Filter>
    </ClInclude>
    <ClInclude Include="CommonFunctions.h">
      <Filter>Header Files\Core Files</Filter>
    </ClInclude>
    <ClInclude Include="Mortgage.h">
      <Filter>Header Files\Core Files</Filter>
    </ClInclude>
    <ClInclude Include="MtgCashFlow.h">
      <Filter>Header Files\Core Files</Filter>
    </ClInclude>
    <ClInclude Include="ReinvestmentTest.h">
      <Filter>Header Files\Core Files</Filter>
    </ClInclude>
    <ClInclude Include="resource.h">
      <Filter>Header Files\Core Files</Filter>
    </ClInclude>
    <ClInclude Include="Tranche.h">
      <Filter>Header Files\Core Files</Filter>
    </ClInclude>
    <ClInclude Include="TrancheCashFlow.h">
      <Filter>Header Files\Core Files</Filter>
    </ClInclude>
    <ClInclude Include="Waterfall.h">
      <Filter>Header Files\Core Files</Filter>
    </ClInclude>
    <ClInclude Include="WatFalPrior.h">
      <Filter>Header Files\Core Files</Filter>
    </ClInclude>
    <ClInclude Include="quazip\crypt.h">
      <Filter>QuaZIP</Filter>
    </ClInclude>
    <ClInclude Include="quazip\ioapi.h">
      <Filter>QuaZIP</Filter>
    </ClInclude>
    <ClInclude Include="quazip\JlCompress.h">
      <Filter>QuaZIP</Filter>
    </ClInclude>
    <ClInclude Include="quazip\quaadler32.h">
      <Filter>QuaZIP</Filter>
    </ClInclude>
    <ClInclude Include="quazip\quachecksum32.h">
      <Filter>QuaZIP</Filter>
    </ClInclude>
    <ClInclude Include="quazip\quacrc32.h">
      <Filter>QuaZIP</Filter>
    </ClInclude>
    <ClInclude Include="quazip\quazip.h">
      <Filter>QuaZIP</Filter>
    </ClInclude>
    <ClInclude Include="quazip\quazip_global.h">
      <Filter>QuaZIP</Filter>
    </ClInclude>
    <ClInclude Include="quazip\quazipdir.h">
      <Filter>QuaZIP</Filter>
    </ClInclude>
    <ClInclude Include="quazip\quazipfileinfo.h">
      <Filter>QuaZIP</Filter>
    </ClInclude>
    <ClInclude Include="quazip\quazipnewinfo.h">
      <Filter>QuaZIP</Filter>
    </ClInclude>
    <ClInclude Include="quazip\unzip.h">
      <Filter>QuaZIP</Filter>
    </ClInclude>
    <ClInclude Include="quazip\zip.h">
      <Filter>QuaZIP</Filter>
    </ClInclude>
    <ClInclude Include="RepaymentVector.h">
      <Filter>Header Files\Core Files</Filter>
    </ClInclude>
    <ClInclude Include="BackwardCompatibilityInterface.h">
      <Filter>Header Files</Filter>
    </ClInclude>
    <ClInclude Include="IntegerVector.h">
      <Filter>Header Files\Core Files</Filter>
    </ClInclude>
    <ClInclude Include="BoolVector.h">
      <Filter>Header Files\Core Files</Filter>
    </ClInclude>
    <ClInclude Include="ReserveFund.h">
      <Filter>Header Files\Core Files</Filter>
    </ClInclude>
    <ClInclude Include="BaseRateTable.h">
      <Filter>Header Files\Core Files</Filter>
    </ClInclude>
    <ClInclude Include="BloombergRequest.h">
      <Filter>Header Files\Core Files</Filter>
    </ClInclude>
    <ClInclude Include="SingleBbgRequest.h">
      <Filter>Header Files\Core Files</Filter>
    </ClInclude>
    <ClInclude Include="BloombergResult.h">
      <Filter>Header Files\Core Files</Filter>
    </ClInclude>
    <ClInclude Include="SyncBloombergWorker.h">
      <Filter>Header Files\Core Files</Filter>
    </ClInclude>
    <ClInclude Include="AbstractBbgWorker.h">
      <Filter>Header Files\Core Files</Filter>
    </ClInclude>
  </ItemGroup>
  <ItemGroup>
    <CustomBuild Include="StandaloneStress.h">
      <Filter>Header Files</Filter>
    </CustomBuild>
    <CustomBuild Include="Resources.qrc">
      <Filter>Resource Files</Filter>
    </CustomBuild>
    <CustomBuild Include="ChartsWidget.h">
      <Filter>Header Files\Core Files</Filter>
    </CustomBuild>
    <CustomBuild Include="MtgCalculator.h">
      <Filter>Header Files\Core Files</Filter>
    </CustomBuild>
    <CustomBuild Include="MtgCalculatorThread.h">
      <Filter>Header Files\Core Files</Filter>
    </CustomBuild>
    <CustomBuild Include="ProgressWidget.h">
      <Filter>Header Files\Core Files</Filter>
    </CustomBuild>
    <CustomBuild Include="StressTest.h">
      <Filter>Header Files\Core Files</Filter>
    </CustomBuild>
    <CustomBuild Include="StressThread.h">
      <Filter>Header Files\Core Files</Filter>
    </CustomBuild>
    <CustomBuild Include="StressViewer.h">
      <Filter>Header Files\Core Files</Filter>
    </CustomBuild>
    <CustomBuild Include="StressWorker.h">
      <Filter>Header Files\Core Files</Filter>
    </CustomBuild>
    <CustomBuild Include="SummaryView.h">
      <Filter>Header Files\Core Files</Filter>
    </CustomBuild>
    <CustomBuild Include="TrancheViewer.h">
      <Filter>Header Files\Core Files</Filter>
    </CustomBuild>
    <CustomBuild Include="WaterfallCalcThread.h">
      <Filter>Header Files\Core Files</Filter>
    </CustomBuild>
    <CustomBuild Include="WaterfallCalculator.h">
      <Filter>Header Files\Core Files</Filter>
    </CustomBuild>
    <CustomBuild Include="WaterfallViewer.h">
      <Filter>Header Files\Core Files</Filter>
    </CustomBuild>
    <CustomBuild Include="quazip\quagzipfile.h">
      <Filter>QuaZIP</Filter>
    </CustomBuild>
    <CustomBuild Include="quazip\quaziodevice.h">
      <Filter>QuaZIP</Filter>
    </CustomBuild>
    <CustomBuild Include="quazip\quazipfile.h">
      <Filter>QuaZIP</Filter>
    </CustomBuild>
    <CustomBuild Include="AsyncBloombergWorker.h">
      <Filter>Header Files\Core Files</Filter>
    </CustomBuild>
    <CustomBuild Include="AsyncEventHandler.h">
      <Filter>Header Files\Core Files</Filter>
    </CustomBuild>
  </ItemGroup>
  <ItemGroup>
    <ClCompile Include="GeneratedFiles\Debug\moc_ChartsWidget.cpp">
      <Filter>Generated Files\Debug</Filter>
    </ClCompile>
    <ClCompile Include="GeneratedFiles\Release\moc_ChartsWidget.cpp">
      <Filter>Generated Files\Release</Filter>
    </ClCompile>
    <ClCompile Include="GeneratedFiles\Debug\moc_MtgCalculator.cpp">
      <Filter>Generated Files\Debug</Filter>
    </ClCompile>
    <ClCompile Include="GeneratedFiles\Release\moc_MtgCalculator.cpp">
      <Filter>Generated Files\Release</Filter>
    </ClCompile>
    <ClCompile Include="GeneratedFiles\Debug\moc_MtgCalculatorThread.cpp">
      <Filter>Generated Files\Debug</Filter>
    </ClCompile>
    <ClCompile Include="GeneratedFiles\Release\moc_MtgCalculatorThread.cpp">
      <Filter>Generated Files\Release</Filter>
    </ClCompile>
    <ClCompile Include="GeneratedFiles\Debug\moc_ProgressWidget.cpp">
      <Filter>Generated Files\Debug</Filter>
    </ClCompile>
    <ClCompile Include="GeneratedFiles\Release\moc_ProgressWidget.cpp">
      <Filter>Generated Files\Release</Filter>
    </ClCompile>
    <ClCompile Include="GeneratedFiles\Debug\moc_StandaloneStress.cpp">
      <Filter>Generated Files\Debug</Filter>
    </ClCompile>
    <ClCompile Include="GeneratedFiles\Release\moc_StandaloneStress.cpp">
      <Filter>Generated Files\Release</Filter>
    </ClCompile>
    <ClCompile Include="GeneratedFiles\Debug\moc_StressTest.cpp">
      <Filter>Generated Files\Debug</Filter>
    </ClCompile>
    <ClCompile Include="GeneratedFiles\Release\moc_StressTest.cpp">
      <Filter>Generated Files\Release</Filter>
    </ClCompile>
    <ClCompile Include="GeneratedFiles\Debug\moc_StressThread.cpp">
      <Filter>Generated Files\Debug</Filter>
    </ClCompile>
    <ClCompile Include="GeneratedFiles\Release\moc_StressThread.cpp">
      <Filter>Generated Files\Release</Filter>
    </ClCompile>
    <ClCompile Include="GeneratedFiles\Debug\moc_StressViewer.cpp">
      <Filter>Generated Files\Debug</Filter>
    </ClCompile>
    <ClCompile Include="GeneratedFiles\Release\moc_StressViewer.cpp">
      <Filter>Generated Files\Release</Filter>
    </ClCompile>
    <ClCompile Include="GeneratedFiles\Debug\moc_StressWorker.cpp">
      <Filter>Generated Files\Debug</Filter>
    </ClCompile>
    <ClCompile Include="GeneratedFiles\Release\moc_StressWorker.cpp">
      <Filter>Generated Files\Release</Filter>
    </ClCompile>
    <ClCompile Include="GeneratedFiles\Debug\moc_SummaryView.cpp">
      <Filter>Generated Files\Debug</Filter>
    </ClCompile>
    <ClCompile Include="GeneratedFiles\Release\moc_SummaryView.cpp">
      <Filter>Generated Files\Release</Filter>
    </ClCompile>
    <ClCompile Include="GeneratedFiles\Debug\moc_TrancheViewer.cpp">
      <Filter>Generated Files\Debug</Filter>
    </ClCompile>
    <ClCompile Include="GeneratedFiles\Release\moc_TrancheViewer.cpp">
      <Filter>Generated Files\Release</Filter>
    </ClCompile>
    <ClCompile Include="GeneratedFiles\Debug\moc_WaterfallCalcThread.cpp">
      <Filter>Generated Files\Debug</Filter>
    </ClCompile>
    <ClCompile Include="GeneratedFiles\Release\moc_WaterfallCalcThread.cpp">
      <Filter>Generated Files\Release</Filter>
    </ClCompile>
    <ClCompile Include="GeneratedFiles\Debug\moc_WaterfallCalculator.cpp">
      <Filter>Generated Files\Debug</Filter>
    </ClCompile>
    <ClCompile Include="GeneratedFiles\Release\moc_WaterfallCalculator.cpp">
      <Filter>Generated Files\Release</Filter>
    </ClCompile>
    <ClCompile Include="GeneratedFiles\Debug\moc_WaterfallViewer.cpp">
      <Filter>Generated Files\Debug</Filter>
    </ClCompile>
    <ClCompile Include="GeneratedFiles\Release\moc_WaterfallViewer.cpp">
      <Filter>Generated Files\Release</Filter>
    </ClCompile>
    <ClCompile Include="StandaloneStress.cpp">
      <Filter>Source Files</Filter>
    </ClCompile>
    <ClCompile Include="StandaloneStressMain.cpp">
      <Filter>Source Files</Filter>
    </ClCompile>
    <ClCompile Include="GeneratedFiles\qrc_Resources.cpp">
      <Filter>Generated Files</Filter>
    </ClCompile>
    <ClCompile Include="AbstarctBbgVect.cpp">
      <Filter>Source Files\Core Files</Filter>
    </ClCompile>
    <ClCompile Include="BaseRateVect.cpp">
      <Filter>Source Files\Core Files</Filter>
    </ClCompile>
    <ClCompile Include="BloombergVector.cpp">
      <Filter>Source Files\Core Files</Filter>
    </ClCompile>
    <ClCompile Include="ChartsWidget.cpp">
      <Filter>Source Files\Core Files</Filter>
    </ClCompile>
    <ClCompile Include="CommonFunctions.cpp">
      <Filter>Source Files\Core Files</Filter>
    </ClCompile>
    <ClCompile Include="Mortgage.cpp">
      <Filter>Source Files\Core Files</Filter>
    </ClCompile>
    <ClCompile Include="MtgCalculator.cpp">
      <Filter>Source Files\Core Files</Filter>
    </ClCompile>
    <ClCompile Include="MtgCalculatorThread.cpp">
      <Filter>Source Files\Core Files</Filter>
    </ClCompile>
    <ClCompile Include="MtgCashFlow.cpp">
      <Filter>Source Files\Core Files</Filter>
    </ClCompile>
    <ClCompile Include="ProgressWidget.cpp">
      <Filter>Source Files\Core Files</Filter>
    </ClCompile>
    <ClCompile Include="ReinvestmentTest.cpp">
      <Filter>Source Files\Core Files</Filter>
    </ClCompile>
    <ClCompile Include="StressTest.cpp">
      <Filter>Source Files\Core Files</Filter>
    </ClCompile>
    <ClCompile Include="StressThread.cpp">
      <Filter>Source Files\Core Files</Filter>
    </ClCompile>
    <ClCompile Include="StressViewer.cpp">
      <Filter>Source Files\Core Files</Filter>
    </ClCompile>
    <ClCompile Include="StressWorker.cpp">
      <Filter>Source Files\Core Files</Filter>
    </ClCompile>
    <ClCompile Include="SummaryView.cpp">
      <Filter>Source Files\Core Files</Filter>
    </ClCompile>
    <ClCompile Include="Tranche.cpp">
      <Filter>Source Files\Core Files</Filter>
    </ClCompile>
    <ClCompile Include="TrancheCashFlow.cpp">
      <Filter>Source Files\Core Files</Filter>
    </ClCompile>
    <ClCompile Include="TrancheViewer.cpp">
      <Filter>Source Files\Core Files</Filter>
    </ClCompile>
    <ClCompile Include="Waterfall.cpp">
      <Filter>Source Files\Core Files</Filter>
    </ClCompile>
    <ClCompile Include="WaterfallCalcThread.cpp">
      <Filter>Source Files\Core Files</Filter>
    </ClCompile>
    <ClCompile Include="WaterfallCalculator.cpp">
      <Filter>Source Files\Core Files</Filter>
    </ClCompile>
    <ClCompile Include="WaterfallViewer.cpp">
      <Filter>Source Files\Core Files</Filter>
    </ClCompile>
    <ClCompile Include="WatFalPrior.cpp">
      <Filter>Source Files\Core Files</Filter>
    </ClCompile>
    <ClCompile Include="quazip\unzip.c">
      <Filter>QuaZIP</Filter>
    </ClCompile>
    <ClCompile Include="quazip\zip.c">
      <Filter>QuaZIP</Filter>
    </ClCompile>
    <ClCompile Include="GeneratedFiles\Debug\moc_quagzipfile.cpp">
      <Filter>Generated Files\Debug</Filter>
    </ClCompile>
    <ClCompile Include="GeneratedFiles\Release\moc_quagzipfile.cpp">
      <Filter>Generated Files\Release</Filter>
    </ClCompile>
    <ClCompile Include="GeneratedFiles\Debug\moc_quaziodevice.cpp">
      <Filter>Generated Files\Debug</Filter>
    </ClCompile>
    <ClCompile Include="GeneratedFiles\Release\moc_quaziodevice.cpp">
      <Filter>Generated Files\Release</Filter>
    </ClCompile>
    <ClCompile Include="GeneratedFiles\Debug\moc_quazipfile.cpp">
      <Filter>Generated Files\Debug</Filter>
    </ClCompile>
    <ClCompile Include="GeneratedFiles\Release\moc_quazipfile.cpp">
      <Filter>Generated Files\Release</Filter>
    </ClCompile>
    <ClCompile Include="quazip\JlCompress.cpp">
      <Filter>QuaZIP</Filter>
    </ClCompile>
    <ClCompile Include="quazip\qioapi.cpp">
      <Filter>QuaZIP</Filter>
    </ClCompile>
    <ClCompile Include="quazip\quaadler32.cpp">
      <Filter>QuaZIP</Filter>
    </ClCompile>
    <ClCompile Include="quazip\quacrc32.cpp">
      <Filter>QuaZIP</Filter>
    </ClCompile>
    <ClCompile Include="quazip\quagzipfile.cpp">
      <Filter>QuaZIP</Filter>
    </ClCompile>
    <ClCompile Include="quazip\quaziodevice.cpp">
      <Filter>QuaZIP</Filter>
    </ClCompile>
    <ClCompile Include="quazip\quazip.cpp">
      <Filter>QuaZIP</Filter>
    </ClCompile>
    <ClCompile Include="quazip\quazipdir.cpp">
      <Filter>QuaZIP</Filter>
    </ClCompile>
    <ClCompile Include="quazip\quazipfile.cpp">
      <Filter>QuaZIP</Filter>
    </ClCompile>
    <ClCompile Include="quazip\quazipfileinfo.cpp">
      <Filter>QuaZIP</Filter>
    </ClCompile>
    <ClCompile Include="quazip\quazipnewinfo.cpp">
      <Filter>QuaZIP</Filter>
    </ClCompile>
    <ClCompile Include="RepaymentVector.cpp">
      <Filter>Source Files\Core Files</Filter>
    </ClCompile>
    <ClCompile Include="IntegerVector.cpp">
      <Filter>Source Files\Core Files</Filter>
    </ClCompile>
    <ClCompile Include="BoolVector.cpp">
      <Filter>Source Files\Core Files</Filter>
    </ClCompile>
    <ClCompile Include="ReserveFund.cpp">
      <Filter>Source Files\Core Files</Filter>
    </ClCompile>
    <ClCompile Include="BaseRateTable.cpp">
      <Filter>Source Files\Core Files</Filter>
    </ClCompile>
    <ClCompile Include="BloombergRequest.cpp">
      <Filter>Source Files\Core Files</Filter>
    </ClCompile>
    <ClCompile Include="SingleBbgRequest.cpp">
      <Filter>Source Files\Core Files</Filter>
    </ClCompile>
    <ClCompile Include="BloombergResult.cpp">
      <Filter>Source Files\Core Files</Filter>
    </ClCompile>
    <ClCompile Include="SyncBloombergWorker.cpp">
      <Filter>Source Files\Core Files</Filter>
    </ClCompile>
    <ClCompile Include="AsyncBloombergWorker.cpp">
      <Filter>Source Files\Core Files</Filter>
    </ClCompile>
    <ClCompile Include="AsyncEventHandler.cpp">
      <Filter>Source Files\Core Files</Filter>
    </ClCompile>
    <ClCompile Include="GeneratedFiles\Debug\moc_AsyncBloombergWorker.cpp">
      <Filter>Generated Files\Debug</Filter>
    </ClCompile>
    <ClCompile Include="GeneratedFiles\Release\moc_AsyncBloombergWorker.cpp">
      <Filter>Generated Files\Release</Filter>
    </ClCompile>
    <ClCompile Include="GeneratedFiles\Debug\moc_AsyncEventHandler.cpp">
      <Filter>Generated Files\Debug</Filter>
    </ClCompile>
    <ClCompile Include="GeneratedFiles\Release\moc_AsyncEventHandler.cpp">
      <Filter>Generated Files\Release</Filter>
    </ClCompile>
  </ItemGroup>
  <ItemGroup>
    <Image Include="Resources\Logo.png">
      <Filter>Resource Files</Filter>
    </Image>
    <Image Include="Resources\Loading2.gif">
      <Filter>Resource Files</Filter>
    </Image>
  </ItemGroup>
  <ItemGroup>
    <ResourceCompile Include="CLO Viewer.rc" />
  </ItemGroup>
</Project>