
Microsoft Visual Studio Solution File, Format Version 12.00
# Visual Studio 2013
VisualStudioVersion = 12.0.40629.0
MinimumVisualStudioVersion = 10.0.40219.1
Project("{8BC9CEB8-8B4A-11D0-8D11-00A0C91BC942}") = "CLOModelLib", "CLOModelLib\CLOModelLib.vcxproj", "{99CB2547-BDC2-43BB-9E41-9D1A959002F4}"
EndProject
Project("{8BC9CEB8-8B4A-11D0-8D11-00A0C91BC942}") = "CLOModelExcel", "CLOModelV2\CLOModelV2.vcxproj", "{B12702AD-ABFB-343A-A199-8E24837244A3}"
EndProject
Project("{8BC9CEB8-8B4A-11D0-8D11-00A0C91BC942}") = "CLOViewer", "CLOViewer\CLOViewer.vcxproj", "{F397EA01-C3E5-4A06-B42C-C1941E3407F4}"
EndProject
Project("{8BC9CEB8-8B4A-11D0-8D11-00A0C91BC942}") = "StandaloneStress", "StandaloneStress\StandaloneStress.vcxproj", "{8BE9DE9F-3DC9-4287-BD71-3B6B0F90DFBD}"
EndProject
Project("{8BC9CEB8-8B4A-11D0-8D11-00A0C91BC942}") = "ConsoleDebugger", "ConsoleDebugger\ConsoleDebugger.vcxproj", "{D16649EE-954D-44A3-B221-97A63CC565C7}"
EndProject
Project("{8BC9CEB8-8B4A-11D0-8D11-00A0C91BC942}") = "CLONetAPI2", "CLONetAPI2\CLONetAPI2.vcxproj", "{368CFBE1-0D79-43A1-93C1-BDAB32793789}"
EndProject
Project("{2150E333-8FDC-42A3-9474-1A3956D46DE8}") = "Solution Items", "Solution Items", "{7BEF8B67-F9E1-46D7-9BE4-B0F56AB2B02A}"
	ProjectSection(SolutionItems) = preProject
		CLOModelV2.pro = CLOModelV2.pro
	EndProjectSection
EndProject
Project("{8BC9CEB8-8B4A-11D0-8D11-00A0C91BC942}") = "CLOModelTest", "CLOModelTest\CLOModelTest.vcxproj", "{73979D3A-C1A8-40E6-B2EA-7F4A481EC939}"
EndProject
Global
	GlobalSection(SolutionConfigurationPlatforms) = preSolution
		Debug|Mixed Platforms = Debug|Mixed Platforms
		Debug|Win32 = Debug|Win32
		Debug|x64 = Debug|x64
		Debug|x86 = Debug|x86
		Release|Mixed Platforms = Release|Mixed Platforms
		Release|Win32 = Release|Win32
		Release|x64 = Release|x64
		Release|x86 = Release|x86
	EndGlobalSection
	GlobalSection(ProjectConfigurationPlatforms) = postSolution
		{99CB2547-BDC2-43BB-9E41-9D1A959002F4}.Debug|Mixed Platforms.ActiveCfg = Debug|Win32
		{99CB2547-BDC2-43BB-9E41-9D1A959002F4}.Debug|Mixed Platforms.Build.0 = Debug|Win32
		{99CB2547-BDC2-43BB-9E41-9D1A959002F4}.Debug|Win32.ActiveCfg = Debug|Win32
		{99CB2547-BDC2-43BB-9E41-9D1A959002F4}.Debug|Win32.Build.0 = Debug|Win32
		{99CB2547-BDC2-43BB-9E41-9D1A959002F4}.Debug|x64.ActiveCfg = Debug|x64
		{99CB2547-BDC2-43BB-9E41-9D1A959002F4}.Debug|x64.Build.0 = Debug|x64
		{99CB2547-BDC2-43BB-9E41-9D1A959002F4}.Debug|x86.ActiveCfg = Debug|Win32
		{99CB2547-BDC2-43BB-9E41-9D1A959002F4}.Debug|x86.Build.0 = Debug|Win32
		{99CB2547-BDC2-43BB-9E41-9D1A959002F4}.Release|Mixed Platforms.ActiveCfg = Release|Win32
		{99CB2547-BDC2-43BB-9E41-9D1A959002F4}.Release|Mixed Platforms.Build.0 = Release|Win32
		{99CB2547-BDC2-43BB-9E41-9D1A959002F4}.Release|Win32.ActiveCfg = Release|Win32
		{99CB2547-BDC2-43BB-9E41-9D1A959002F4}.Release|Win32.Build.0 = Release|Win32
		{99CB2547-BDC2-43BB-9E41-9D1A959002F4}.Release|x64.ActiveCfg = Release|x64
		{99CB2547-BDC2-43BB-9E41-9D1A959002F4}.Release|x64.Build.0 = Release|x64
		{99CB2547-BDC2-43BB-9E41-9D1A959002F4}.Release|x86.ActiveCfg = Release|Win32
		{99CB2547-BDC2-43BB-9E41-9D1A959002F4}.Release|x86.Build.0 = Release|Win32
		{B12702AD-ABFB-343A-A199-8E24837244A3}.Debug|Mixed Platforms.ActiveCfg = Debug|Win32
		{B12702AD-ABFB-343A-A199-8E24837244A3}.Debug|Mixed Platforms.Build.0 = Debug|Win32
		{B12702AD-ABFB-343A-A199-8E24837244A3}.Debug|Win32.ActiveCfg = Debug|Win32
		{B12702AD-ABFB-343A-A199-8E24837244A3}.Debug|Win32.Build.0 = Debug|Win32
		{B12702AD-ABFB-343A-A199-8E24837244A3}.Debug|x64.ActiveCfg = Debug|x64
		{B12702AD-ABFB-343A-A199-8E24837244A3}.Debug|x64.Build.0 = Debug|x64
		{B12702AD-ABFB-343A-A199-8E24837244A3}.Debug|x86.ActiveCfg = Debug|Win32
		{B12702AD-ABFB-343A-A199-8E24837244A3}.Debug|x86.Build.0 = Debug|Win32
		{B12702AD-ABFB-343A-A199-8E24837244A3}.Release|Mixed Platforms.ActiveCfg = Release|Win32
		{B12702AD-ABFB-343A-A199-8E24837244A3}.Release|Mixed Platforms.Build.0 = Release|Win32
		{B12702AD-ABFB-343A-A199-8E24837244A3}.Release|Win32.ActiveCfg = Release|Win32
		{B12702AD-ABFB-343A-A199-8E24837244A3}.Release|Win32.Build.0 = Release|Win32
		{B12702AD-ABFB-343A-A199-8E24837244A3}.Release|x64.ActiveCfg = Release|x64
		{B12702AD-ABFB-343A-A199-8E24837244A3}.Release|x64.Build.0 = Release|x64
		{B12702AD-ABFB-343A-A199-8E24837244A3}.Release|x86.ActiveCfg = Release|Win32
		{B12702AD-ABFB-343A-A199-8E24837244A3}.Release|x86.Build.0 = Release|Win32
		{F397EA01-C3E5-4A06-B42C-C1941E3407F4}.Debug|Mixed Platforms.ActiveCfg = Debug|Win32
		{F397EA01-C3E5-4A06-B42C-C1941E3407F4}.Debug|Mixed Platforms.Build.0 = Debug|Win32
		{F397EA01-C3E5-4A06-B42C-C1941E3407F4}.Debug|Win32.ActiveCfg = Debug|Win32
		{F397EA01-C3E5-4A06-B42C-C1941E3407F4}.Debug|Win32.Build.0 = Debug|Win32
		{F397EA01-C3E5-4A06-B42C-C1941E3407F4}.Debug|x64.ActiveCfg = Debug|x64
		{F397EA01-C3E5-4A06-B42C-C1941E3407F4}.Debug|x64.Build.0 = Debug|x64
		{F397EA01-C3E5-4A06-B42C-C1941E3407F4}.Debug|x86.ActiveCfg = Debug|Win32
		{F397EA01-C3E5-4A06-B42C-C1941E3407F4}.Debug|x86.Build.0 = Debug|Win32
		{F397EA01-C3E5-4A06-B42C-C1941E3407F4}.Release|Mixed Platforms.ActiveCfg = Release|Win32
		{F397EA01-C3E5-4A06-B42C-C1941E3407F4}.Release|Mixed Platforms.Build.0 = Release|Win32
		{F397EA01-C3E5-4A06-B42C-C1941E3407F4}.Release|Win32.ActiveCfg = Release|Win32
		{F397EA01-C3E5-4A06-B42C-C1941E3407F4}.Release|Win32.Build.0 = Release|Win32
		{F397EA01-C3E5-4A06-B42C-C1941E3407F4}.Release|x64.ActiveCfg = Release|x64
		{F397EA01-C3E5-4A06-B42C-C1941E3407F4}.Release|x64.Build.0 = Release|x64
		{F397EA01-C3E5-4A06-B42C-C1941E3407F4}.Release|x86.ActiveCfg = Release|Win32
		{F397EA01-C3E5-4A06-B42C-C1941E3407F4}.Release|x86.Build.0 = Release|Win32
		{8BE9DE9F-3DC9-4287-BD71-3B6B0F90DFBD}.Debug|Mixed Platforms.ActiveCfg = Debug|Win32
		{8BE9DE9F-3DC9-4287-BD71-3B6B0F90DFBD}.Debug|Mixed Platforms.Build.0 = Debug|Win32
		{8BE9DE9F-3DC9-4287-BD71-3B6B0F90DFBD}.Debug|Win32.ActiveCfg = Debug|Win32
		{8BE9DE9F-3DC9-4287-BD71-3B6B0F90DFBD}.Debug|Win32.Build.0 = Debug|Win32
		{8BE9DE9F-3DC9-4287-BD71-3B6B0F90DFBD}.Debug|x64.ActiveCfg = Debug|x64
		{8BE9DE9F-3DC9-4287-BD71-3B6B0F90DFBD}.Debug|x64.Build.0 = Debug|x64
		{8BE9DE9F-3DC9-4287-BD71-3B6B0F90DFBD}.Debug|x86.ActiveCfg = Debug|Win32
		{8BE9DE9F-3DC9-4287-BD71-3B6B0F90DFBD}.Debug|x86.Build.0 = Debug|Win32
		{8BE9DE9F-3DC9-4287-BD71-3B6B0F90DFBD}.Release|Mixed Platforms.ActiveCfg = Release|Win32
		{8BE9DE9F-3DC9-4287-BD71-3B6B0F90DFBD}.Release|Mixed Platforms.Build.0 = Release|Win32
		{8BE9DE9F-3DC9-4287-BD71-3B6B0F90DFBD}.Release|Win32.ActiveCfg = Release|Win32
		{8BE9DE9F-3DC9-4287-BD71-3B6B0F90DFBD}.Release|Win32.Build.0 = Release|Win32
		{8BE9DE9F-3DC9-4287-BD71-3B6B0F90DFBD}.Release|x64.ActiveCfg = Release|x64
		{8BE9DE9F-3DC9-4287-BD71-3B6B0F90DFBD}.Release|x64.Build.0 = Release|x64
		{8BE9DE9F-3DC9-4287-BD71-3B6B0F90DFBD}.Release|x86.ActiveCfg = Release|Win32
		{8BE9DE9F-3DC9-4287-BD71-3B6B0F90DFBD}.Release|x86.Build.0 = Release|Win32
		{D16649EE-954D-44A3-B221-97A63CC565C7}.Debug|Mixed Platforms.ActiveCfg = Debug|Win32
		{D16649EE-954D-44A3-B221-97A63CC565C7}.Debug|Mixed Platforms.Build.0 = Debug|Win32
		{D16649EE-954D-44A3-B221-97A63CC565C7}.Debug|Win32.ActiveCfg = Debug|Win32
		{D16649EE-954D-44A3-B221-97A63CC565C7}.Debug|Win32.Build.0 = Debug|Win32
		{D16649EE-954D-44A3-B221-97A63CC565C7}.Debug|x64.ActiveCfg = Debug|x64
		{D16649EE-954D-44A3-B221-97A63CC565C7}.Debug|x64.Build.0 = Debug|x64
		{D16649EE-954D-44A3-B221-97A63CC565C7}.Debug|x86.ActiveCfg = Debug|Win32
		{D16649EE-954D-44A3-B221-97A63CC565C7}.Debug|x86.Build.0 = Debug|Win32
		{D16649EE-954D-44A3-B221-97A63CC565C7}.Release|Mixed Platforms.ActiveCfg = Release|Win32
		{D16649EE-954D-44A3-B221-97A63CC565C7}.Release|Win32.ActiveCfg = Release|Win32
		{D16649EE-954D-44A3-B221-97A63CC565C7}.Release|Win32.Build.0 = Release|Win32
		{D16649EE-954D-44A3-B221-97A63CC565C7}.Release|x64.ActiveCfg = Release|x64
		{D16649EE-954D-44A3-B221-97A63CC565C7}.Release|x64.Build.0 = Release|x64
		{D16649EE-954D-44A3-B221-97A63CC565C7}.Release|x86.ActiveCfg = Release|Win32
		{D16649EE-954D-44A3-B221-97A63CC565C7}.Release|x86.Build.0 = Release|Win32
		{368CFBE1-0D79-43A1-93C1-BDAB32793789}.Debug|Mixed Platforms.ActiveCfg = Debug|Win32
		{368CFBE1-0D79-43A1-93C1-BDAB32793789}.Debug|Mixed Platforms.Build.0 = Debug|Win32
		{368CFBE1-0D79-43A1-93C1-BDAB32793789}.Debug|Win32.ActiveCfg = Debug|Win32
		{368CFBE1-0D79-43A1-93C1-BDAB32793789}.Debug|Win32.Build.0 = Debug|Win32
		{368CFBE1-0D79-43A1-93C1-BDAB32793789}.Debug|x64.ActiveCfg = Debug|Win32
		{368CFBE1-0D79-43A1-93C1-BDAB32793789}.Debug|x86.ActiveCfg = Debug|Win32
		{368CFBE1-0D79-43A1-93C1-BDAB32793789}.Debug|x86.Build.0 = Debug|Win32
		{368CFBE1-0D79-43A1-93C1-BDAB32793789}.Release|Mixed Platforms.ActiveCfg = Release|Win32
		{368CFBE1-0D79-43A1-93C1-BDAB32793789}.Release|Mixed Platforms.Build.0 = Release|Win32
		{368CFBE1-0D79-43A1-93C1-BDAB32793789}.Release|Win32.ActiveCfg = Release|Win32
		{368CFBE1-0D79-43A1-93C1-BDAB32793789}.Release|Win32.Build.0 = Release|Win32
		{368CFBE1-0D79-43A1-93C1-BDAB32793789}.Release|x64.ActiveCfg = Release|Win32
		{368CFBE1-0D79-43A1-93C1-BDAB32793789}.Release|x86.ActiveCfg = Release|Win32
		{368CFBE1-0D79-43A1-93C1-BDAB32793789}.Release|x86.Build.0 = Release|Win32
		{73979D3A-C1A8-40E6-B2EA-7F4A481EC939}.Debug|Mixed Platforms.ActiveCfg = Debug|Win32
		{73979D3A-C1A8-40E6-B2EA-7F4A481EC939}.Debug|Mixed Platforms.Build.0 = Debug|Win32
		{73979D3A-C1A8-40E6-B2EA-7F4A481EC939}.Debug|Win32.ActiveCfg = Debug|Win32
		{73979D3A-C1A8-40E6-B2EA-7F4A481EC939}.Debug|Win32.Build.0 = Debug|Win32
		{73979D3A-C1A8-40E6-B2EA-7F4A481EC939}.Debug|x64.ActiveCfg = Debug|x64
		{73979D3A-C1A8-40E6-B2EA-7F4A481EC939}.Debug|x64.Build.0 = Debug|x64
		{73979D3A-C1A8-40E6-B2EA-7F4A481EC939}.Debug|x86.ActiveCfg = Debug|Win32
		{73979D3A-C1A8-40E6-B2EA-7F4A481EC939}.Debug|x86.Build.0 = Debug|Win32
		{73979D3A-C1A8-40E6-B2EA-7F4A481EC939}.Release|Mixed Platforms.ActiveCfg = Release|Win32
		{73979D3A-C1A8-40E6-B2EA-7F4A481EC939}.Release|Mixed Platforms.Build.0 = Release|Win32
		{73979D3A-C1A8-40E6-B2EA-7F4A481EC939}.Release|Win32.ActiveCfg = Release|Win32
		{73979D3A-C1A8-40E6-B2EA-7F4A481EC939}.Release|Win32.Build.0 = Release|Win32
		{73979D3A-C1A8-40E6-B2EA-7F4A481EC939}.Release|x64.ActiveCfg = Release|x64
		{73979D3A-C1A8-40E6-B2EA-7F4A481EC939}.Release|x64.Build.0 = Release|x64
		{73979D3A-C1A8-40E6-B2EA-7F4A481EC939}.Release|x86.ActiveCfg = Release|Win32
		{73979D3A-C1A8-40E6-B2EA-7F4A481EC939}.Release|x86.Build.0 = Release|Win32
	EndGlobalSection
	GlobalSection(SolutionProperties) = preSolution
		HideSolutionNode = FALSE
	EndGlobalSection
	GlobalSection(ExtensibilityGlobals) = postSolution
		Qt5Version = $(DefaultQtVersion)
	EndGlobalSection
EndGlobal
