<?xml version="1.0" encoding="utf-8"?>
<Project ToolsVersion="4.0" xmlns="http://schemas.microsoft.com/developer/msbuild/2003">
  <ItemGroup>
    <Filter Include="Source Files">
      <UniqueIdentifier>{4FC737F1-C7A5-4376-A066-2A32D752A2FF}</UniqueIdentifier>
      <Extensions>cpp;cxx;c;def</Extensions>
    </Filter>
    <Filter Include="Header Files">
      <UniqueIdentifier>{93995380-89BD-4b04-88EB-625FBE52EBFB}</UniqueIdentifier>
      <Extensions>h</Extensions>
    </Filter>
    <Filter Include="Form Files">
      <UniqueIdentifier>{99349809-55BA-4b9d-BF79-8FDBB0286EB3}</UniqueIdentifier>
      <Extensions>ui</Extensions>
    </Filter>
    <Filter Include="Resource Files">
      <UniqueIdentifier>{D9D6E242-F8AF-46E4-B9FD-80ECBC20BA3E}</UniqueIdentifier>
      <Extensions>qrc;*</Extensions>
      <ParseFiles>false</ParseFiles>
    </Filter>
    <Filter Include="Generated Files">
      <UniqueIdentifier>{71ED8ED8-ACB9-4CE9-BBE1-E00B30144E11}</UniqueIdentifier>
      <Extensions>moc;h;cpp</Extensions>
      <SourceControlFiles>False</SourceControlFiles>
    </Filter>
    <Filter Include="Generated Files\Debug">
      <UniqueIdentifier>{39a9c45d-85f7-482d-894f-f620fae29049}</UniqueIdentifier>
      <Extensions>cpp;moc</Extensions>
      <SourceControlFiles>False</SourceControlFiles>
    </Filter>
    <Filter Include="Generated Files\Release">
      <UniqueIdentifier>{d24dbb64-e00a-42b0-8057-25f1879259af}</UniqueIdentifier>
      <Extensions>cpp;moc</Extensions>
      <SourceControlFiles>False</SourceControlFiles>
    </Filter>
    <Filter Include="Source Files\Unmanaged">
      <UniqueIdentifier>{979b1124-7afb-475f-93d4-20e29e7168b1}</UniqueIdentifier>
    </Filter>
    <Filter Include="Header Files\Unmanaged">
      <UniqueIdentifier>{06f36fa8-d441-411f-b3fa-d197bf6397d9}</UniqueIdentifier>
    </Filter>
    <Filter Include="quzip">
      <UniqueIdentifier>{3a292409-4979-40ae-9997-e193207dc93c}</UniqueIdentifier>
    </Filter>
  </ItemGroup>
  <ItemGroup>
    <ClInclude Include="ManagedCommons.h">
      <Filter>Header Files</Filter>
    </ClInclude>
    <ClInclude Include="ManCentralUnit.h">
      <Filter>Header Files</Filter>
    </ClInclude>
    <ClInclude Include="ManMortgage.h">
      <Filter>Header Files</Filter>
    </ClInclude>
    <ClInclude Include="ManMtgCashFlow.h">
      <Filter>Header Files</Filter>
    </ClInclude>
    <ClInclude Include="ManReinvestmentTest.h">
      <Filter>Header Files</Filter>
    </ClInclude>
    <ClInclude Include="ManStressTest.h">
      <Filter>Header Files</Filter>
    </ClInclude>
    <ClInclude Include="ManTranche.h">
      <Filter>Header Files</Filter>
    </ClInclude>
    <ClInclude Include="ManTrancheCashFlow.h">
      <Filter>Header Files</Filter>
    </ClInclude>
    <ClInclude Include="ManWaterfall.h">
      <Filter>Header Files</Filter>
    </ClInclude>
    <ClInclude Include="ManWatFalPrior.h">
      <Filter>Header Files</Filter>
    </ClInclude>
    <ClInclude Include="ManUtilities.h">
      <Filter>Header Files</Filter>
    </ClInclude>
    <ClInclude Include="BloombergWorker.h">
      <Filter>Header Files\Unmanaged</Filter>
    </ClInclude>
    <ClInclude Include="CommonFunctions.h">
      <Filter>Header Files\Unmanaged</Filter>
    </ClInclude>
    <ClInclude Include="Mortgage.h">
      <Filter>Header Files\Unmanaged</Filter>
    </ClInclude>
    <ClInclude Include="WatFalPrior.h">
      <Filter>Header Files\Unmanaged</Filter>
    </ClInclude>
    <ClInclude Include="MtgCashFlow.h">
      <Filter>Header Files\Unmanaged</Filter>
    </ClInclude>
    <ClInclude Include="ReinvestmentTest.h">
      <Filter>Header Files\Unmanaged</Filter>
    </ClInclude>
    <ClInclude Include="Tranche.h">
      <Filter>Header Files\Unmanaged</Filter>
    </ClInclude>
    <ClInclude Include="TrancheCashFlow.h">
      <Filter>Header Files\Unmanaged</Filter>
    </ClInclude>
    <ClInclude Include="Waterfall.h">
      <Filter>Header Files\Unmanaged</Filter>
    </ClInclude>
    <ClInclude Include="quazip\crypt.h">
      <Filter>quzip</Filter>
    </ClInclude>
    <ClInclude Include="quazip\ioapi.h">
      <Filter>quzip</Filter>
    </ClInclude>
    <ClInclude Include="quazip\JlCompress.h">
      <Filter>quzip</Filter>
    </ClInclude>
    <ClInclude Include="quazip\quaadler32.h">
      <Filter>quzip</Filter>
    </ClInclude>
    <ClInclude Include="quazip\quachecksum32.h">
      <Filter>quzip</Filter>
    </ClInclude>
    <ClInclude Include="quazip\quacrc32.h">
      <Filter>quzip</Filter>
    </ClInclude>
    <ClInclude Include="quazip\quazip.h">
      <Filter>quzip</Filter>
    </ClInclude>
    <ClInclude Include="quazip\quazip_global.h">
      <Filter>quzip</Filter>
    </ClInclude>
    <ClInclude Include="quazip\quazipdir.h">
      <Filter>quzip</Filter>
    </ClInclude>
    <ClInclude Include="quazip\quazipfileinfo.h">
      <Filter>quzip</Filter>
    </ClInclude>
    <ClInclude Include="quazip\quazipnewinfo.h">
      <Filter>quzip</Filter>
    </ClInclude>
    <ClInclude Include="quazip\unzip.h">
      <Filter>quzip</Filter>
    </ClInclude>
    <ClInclude Include="quazip\zip.h">
      <Filter>quzip</Filter>
    </ClInclude>
  </ItemGroup>
  <ItemGroup>
    <CustomBuild Include="CentralUnitAPI.h">
      <Filter>Header Files\Unmanaged</Filter>
    </CustomBuild>
    <CustomBuild Include="MtgCalculator.h">
      <Filter>Header Files\Unmanaged</Filter>
    </CustomBuild>
    <CustomBuild Include="MtgCalculatorThread.h">
      <Filter>Header Files\Unmanaged</Filter>
    </CustomBuild>
    <CustomBuild Include="ProgressWidget.h">
      <Filter>Header Files\Unmanaged</Filter>
    </CustomBuild>
    <CustomBuild Include="StressTest.h">
      <Filter>Header Files\Unmanaged</Filter>
    </CustomBuild>
    <CustomBuild Include="StressThread.h">
      <Filter>Header Files\Unmanaged</Filter>
    </CustomBuild>
    <CustomBuild Include="StressWorker.h">
      <Filter>Header Files\Unmanaged</Filter>
    </CustomBuild>
    <CustomBuild Include="WaterfallCalcThread.h">
      <Filter>Header Files\Unmanaged</Filter>
    </CustomBuild>
    <CustomBuild Include="WaterfallCalculator.h">
      <Filter>Header Files\Unmanaged</Filter>
    </CustomBuild>
    <CustomBuild Include="CentralUnitOverlay.h">
      <Filter>Header Files</Filter>
    </CustomBuild>
    <CustomBuild Include="Resources.qrc">
      <Filter>Resource Files</Filter>
    </CustomBuild>
    <CustomBuild Include="StressTestOverlay.h">
      <Filter>Header Files</Filter>
    </CustomBuild>
    <CustomBuild Include="quazip\quagzipfile.h">
      <Filter>quzip</Filter>
    </CustomBuild>
    <CustomBuild Include="quazip\quaziodevice.h">
      <Filter>quzip</Filter>
    </CustomBuild>
    <CustomBuild Include="quazip\quazipfile.h">
      <Filter>quzip</Filter>
    </CustomBuild>
  </ItemGroup>
  <ItemGroup>
    <ClCompile Include="GeneratedFiles\Debug\moc_CentralUnitAPI.cpp">
      <Filter>Generated Files\Debug</Filter>
    </ClCompile>
    <ClCompile Include="GeneratedFiles\Release\moc_CentralUnitAPI.cpp">
      <Filter>Generated Files\Release</Filter>
    </ClCompile>
    <ClCompile Include="GeneratedFiles\Debug\moc_MtgCalculator.cpp">
      <Filter>Generated Files\Debug</Filter>
    </ClCompile>
    <ClCompile Include="GeneratedFiles\Release\moc_MtgCalculator.cpp">
      <Filter>Generated Files\Release</Filter>
    </ClCompile>
    <ClCompile Include="GeneratedFiles\Debug\moc_MtgCalculatorThread.cpp">
      <Filter>Generated Files\Debug</Filter>
    </ClCompile>
    <ClCompile Include="GeneratedFiles\Release\moc_MtgCalculatorThread.cpp">
      <Filter>Generated Files\Release</Filter>
    </ClCompile>
    <ClCompile Include="GeneratedFiles\Debug\moc_ProgressWidget.cpp">
      <Filter>Generated Files\Debug</Filter>
    </ClCompile>
    <ClCompile Include="GeneratedFiles\Release\moc_ProgressWidget.cpp">
      <Filter>Generated Files\Release</Filter>
    </ClCompile>
    <ClCompile Include="GeneratedFiles\Debug\moc_StressTest.cpp">
      <Filter>Generated Files\Debug</Filter>
    </ClCompile>
    <ClCompile Include="GeneratedFiles\Release\moc_StressTest.cpp">
      <Filter>Generated Files\Release</Filter>
    </ClCompile>
    <ClCompile Include="GeneratedFiles\Debug\moc_StressThread.cpp">
      <Filter>Generated Files\Debug</Filter>
    </ClCompile>
    <ClCompile Include="GeneratedFiles\Release\moc_StressThread.cpp">
      <Filter>Generated Files\Release</Filter>
    </ClCompile>
    <ClCompile Include="GeneratedFiles\Debug\moc_StressWorker.cpp">
      <Filter>Generated Files\Debug</Filter>
    </ClCompile>
    <ClCompile Include="GeneratedFiles\Release\moc_StressWorker.cpp">
      <Filter>Generated Files\Release</Filter>
    </ClCompile>
    <ClCompile Include="GeneratedFiles\Debug\moc_WaterfallCalcThread.cpp">
      <Filter>Generated Files\Debug</Filter>
    </ClCompile>
    <ClCompile Include="GeneratedFiles\Release\moc_WaterfallCalcThread.cpp">
      <Filter>Generated Files\Release</Filter>
    </ClCompile>
    <ClCompile Include="GeneratedFiles\Debug\moc_WaterfallCalculator.cpp">
      <Filter>Generated Files\Debug</Filter>
    </ClCompile>
    <ClCompile Include="GeneratedFiles\Release\moc_WaterfallCalculator.cpp">
      <Filter>Generated Files\Release</Filter>
    </ClCompile>
    <ClCompile Include="AssemblyInfo.cpp">
      <Filter>Source Files</Filter>
    </ClCompile>
    <ClCompile Include="IncludeAll.cpp">
      <Filter>Source Files</Filter>
    </ClCompile>
    <ClCompile Include="BloombergWorker.cpp">
      <Filter>Source Files\Unmanaged</Filter>
    </ClCompile>
    <ClCompile Include="CommonFunctions.cpp">
      <Filter>Source Files\Unmanaged</Filter>
    </ClCompile>
    <ClCompile Include="CentralUnitAPI.cpp">
      <Filter>Source Files\Unmanaged</Filter>
    </ClCompile>
    <ClCompile Include="Mortgage.cpp">
      <Filter>Source Files\Unmanaged</Filter>
    </ClCompile>
    <ClCompile Include="MtgCalculator.cpp">
      <Filter>Source Files\Unmanaged</Filter>
    </ClCompile>
    <ClCompile Include="MtgCalculatorThread.cpp">
      <Filter>Source Files\Unmanaged</Filter>
    </ClCompile>
    <ClCompile Include="MtgCashFlow.cpp">
      <Filter>Source Files\Unmanaged</Filter>
    </ClCompile>
    <ClCompile Include="ProgressWidget.cpp">
      <Filter>Source Files\Unmanaged</Filter>
    </ClCompile>
    <ClCompile Include="ReinvestmentTest.cpp">
      <Filter>Source Files\Unmanaged</Filter>
    </ClCompile>
    <ClCompile Include="StressTest.cpp">
      <Filter>Source Files\Unmanaged</Filter>
    </ClCompile>
    <ClCompile Include="StressThread.cpp">
      <Filter>Source Files\Unmanaged</Filter>
    </ClCompile>
    <ClCompile Include="StressWorker.cpp">
      <Filter>Source Files\Unmanaged</Filter>
    </ClCompile>
    <ClCompile Include="Tranche.cpp">
      <Filter>Source Files\Unmanaged</Filter>
    </ClCompile>
    <ClCompile Include="TrancheCashFlow.cpp">
      <Filter>Source Files\Unmanaged</Filter>
    </ClCompile>
    <ClCompile Include="Waterfall.cpp">
      <Filter>Source Files\Unmanaged</Filter>
    </ClCompile>
    <ClCompile Include="WaterfallCalcThread.cpp">
      <Filter>Source Files\Unmanaged</Filter>
    </ClCompile>
    <ClCompile Include="WaterfallCalculator.cpp">
      <Filter>Source Files\Unmanaged</Filter>
    </ClCompile>
    <ClCompile Include="WatFalPrior.cpp">
      <Filter>Source Files\Unmanaged</Filter>
    </ClCompile>
    <ClCompile Include="CentralUnitOverlay.cpp">
      <Filter>Source Files</Filter>
    </ClCompile>
    <ClCompile Include="StressTestOverlay.cpp">
      <Filter>Source Files</Filter>
    </ClCompile>
    <ClCompile Include="GeneratedFiles\Debug\moc_CentralUnitOverlay.cpp">
      <Filter>Generated Files\Debug</Filter>
    </ClCompile>
    <ClCompile Include="GeneratedFiles\Release\moc_CentralUnitOverlay.cpp">
      <Filter>Generated Files\Release</Filter>
    </ClCompile>
    <ClCompile Include="GeneratedFiles\qrc_Resources.cpp">
      <Filter>Generated Files</Filter>
    </ClCompile>
    <ClCompile Include="GeneratedFiles\Debug\moc_StressTestOverlay.cpp">
      <Filter>Generated Files\Debug</Filter>
    </ClCompile>
    <ClCompile Include="GeneratedFiles\Release\moc_StressTestOverlay.cpp">
      <Filter>Generated Files\Release</Filter>
    </ClCompile>
    <ClCompile Include="ManUtilities.cpp">
      <Filter>Source Files</Filter>
    </ClCompile>
    <ClCompile Include="quazip\unzip.c">
      <Filter>quzip</Filter>
    </ClCompile>
    <ClCompile Include="quazip\zip.c">
      <Filter>quzip</Filter>
    </ClCompile>
    <ClCompile Include="GeneratedFiles\Debug\moc_quagzipfile.cpp">
      <Filter>Generated Files\Debug</Filter>
    </ClCompile>
    <ClCompile Include="GeneratedFiles\Release\moc_quagzipfile.cpp">
      <Filter>Generated Files\Release</Filter>
    </ClCompile>
    <ClCompile Include="GeneratedFiles\Debug\moc_quaziodevice.cpp">
      <Filter>Generated Files\Debug</Filter>
    </ClCompile>
    <ClCompile Include="GeneratedFiles\Release\moc_quaziodevice.cpp">
      <Filter>Generated Files\Release</Filter>
    </ClCompile>
    <ClCompile Include="GeneratedFiles\Debug\moc_quazipfile.cpp">
      <Filter>Generated Files\Debug</Filter>
    </ClCompile>
    <ClCompile Include="GeneratedFiles\Release\moc_quazipfile.cpp">
      <Filter>Generated Files\Release</Filter>
    </ClCompile>
    <ClCompile Include="quazip\JlCompress.cpp">
      <Filter>quzip</Filter>
    </ClCompile>
    <ClCompile Include="quazip\qioapi.cpp">
      <Filter>quzip</Filter>
    </ClCompile>
    <ClCompile Include="quazip\quaadler32.cpp">
      <Filter>quzip</Filter>
    </ClCompile>
    <ClCompile Include="quazip\quacrc32.cpp">
      <Filter>quzip</Filter>
    </ClCompile>
    <ClCompile Include="quazip\quagzipfile.cpp">
      <Filter>quzip</Filter>
    </ClCompile>
    <ClCompile Include="quazip\quaziodevice.cpp">
      <Filter>quzip</Filter>
    </ClCompile>
    <ClCompile Include="quazip\quazip.cpp">
      <Filter>quzip</Filter>
    </ClCompile>
    <ClCompile Include="quazip\quazipdir.cpp">
      <Filter>quzip</Filter>
    </ClCompile>
    <ClCompile Include="quazip\quazipfile.cpp">
      <Filter>quzip</Filter>
    </ClCompile>
    <ClCompile Include="quazip\quazipfileinfo.cpp">
      <Filter>quzip</Filter>
    </ClCompile>
    <ClCompile Include="quazip\quazipnewinfo.cpp">
      <Filter>quzip</Filter>
    </ClCompile>
  </ItemGroup>
  <ItemGroup>
    <None Include="MagicNumbers.markdown" />
    <None Include="Resources\Logo.png">
      <Filter>Resource Files</Filter>
    </None>
    <None Include="Resources\Loading2.gif">
      <Filter>Resource Files</Filter>
    </None>
    <None Include="NETapiREADME.markdown" />
  </ItemGroup>
</Project>