<?xml version="1.0" encoding="utf-8"?>
<Project ToolsVersion="4.0" xmlns="http://schemas.microsoft.com/developer/msbuild/2003">
  <ItemGroup>
    <Filter Include="Source Files">
      <UniqueIdentifier>{4FC737F1-C7A5-4376-A066-2A32D752A2FF}</UniqueIdentifier>
      <Extensions>cpp;cxx;c;def</Extensions>
    </Filter>
    <Filter Include="Header Files">
      <UniqueIdentifier>{93995380-89BD-4b04-88EB-625FBE52EBFB}</UniqueIdentifier>
      <Extensions>h</Extensions>
    </Filter>
    <Filter Include="Form Files">
      <UniqueIdentifier>{99349809-55BA-4b9d-BF79-8FDBB0286EB3}</UniqueIdentifier>
      <Extensions>ui</Extensions>
    </Filter>
    <Filter Include="Resource Files">
      <UniqueIdentifier>{D9D6E242-F8AF-46E4-B9FD-80ECBC20BA3E}</UniqueIdentifier>
      <Extensions>qrc;*</Extensions>
      <ParseFiles>false</ParseFiles>
    </Filter>
    <Filter Include="Generated Files">
      <UniqueIdentifier>{71ED8ED8-ACB9-4CE9-BBE1-E00B30144E11}</UniqueIdentifier>
      <Extensions>moc;h;cpp</Extensions>
      <SourceControlFiles>False</SourceControlFiles>
    </Filter>
    <Filter Include="Generated Files\Debug">
      <UniqueIdentifier>{1c5ef78b-3e29-407e-ae45-d4fcccddc6cb}</UniqueIdentifier>
      <Extensions>cpp;moc</Extensions>
      <SourceControlFiles>False</SourceControlFiles>
    </Filter>
    <Filter Include="Generated Files\Release">
      <UniqueIdentifier>{119bfaff-d0b9-4420-bb98-334b29b7a11c}</UniqueIdentifier>
      <Extensions>cpp;moc</Extensions>
      <SourceControlFiles>False</SourceControlFiles>
    </Filter>
    <Filter Include="Source Files\Common">
      <UniqueIdentifier>{315707cf-7ef3-4f0a-8986-51727a5a7df8}</UniqueIdentifier>
    </Filter>
  </ItemGroup>
  <ItemGroup>
    <ClCompile Include="main.cpp">
      <Filter>Source Files</Filter>
    </ClCompile>
    <ClCompile Include="GeneratedFiles\Debug\moc_quagzipfile.cpp">
      <Filter>Generated Files\Debug</Filter>
    </ClCompile>
    <ClCompile Include="GeneratedFiles\Release\moc_quagzipfile.cpp">
      <Filter>Generated Files\Release</Filter>
    </ClCompile>
    <ClCompile Include="GeneratedFiles\Debug\moc_quaziodevice.cpp">
      <Filter>Generated Files\Debug</Filter>
    </ClCompile>
    <ClCompile Include="GeneratedFiles\Release\moc_quaziodevice.cpp">
      <Filter>Generated Files\Release</Filter>
    </ClCompile>
    <ClCompile Include="GeneratedFiles\Debug\moc_quazipfile.cpp">
      <Filter>Generated Files\Debug</Filter>
    </ClCompile>
    <ClCompile Include="GeneratedFiles\Release\moc_quazipfile.cpp">
      <Filter>Generated Files\Release</Filter>
    </ClCompile>
    <ClCompile Include="GeneratedFiles\Debug\moc_MtgCalculator.cpp">
      <Filter>Generated Files\Debug</Filter>
    </ClCompile>
    <ClCompile Include="GeneratedFiles\Release\moc_MtgCalculator.cpp">
      <Filter>Generated Files\Release</Filter>
    </ClCompile>
    <ClCompile Include="GeneratedFiles\Debug\moc_MtgCalculatorThread.cpp">
      <Filter>Generated Files\Debug</Filter>
    </ClCompile>
    <ClCompile Include="GeneratedFiles\Release\moc_MtgCalculatorThread.cpp">
      <Filter>Generated Files\Release</Filter>
    </ClCompile>
    <ClCompile Include="GeneratedFiles\Debug\moc_ProgressWidget.cpp">
      <Filter>Generated Files\Debug</Filter>
    </ClCompile>
    <ClCompile Include="GeneratedFiles\Release\moc_ProgressWidget.cpp">
      <Filter>Generated Files\Release</Filter>
    </ClCompile>
    <ClCompile Include="GeneratedFiles\Debug\moc_StressTest.cpp">
      <Filter>Generated Files\Debug</Filter>
    </ClCompile>
    <ClCompile Include="GeneratedFiles\Release\moc_StressTest.cpp">
      <Filter>Generated Files\Release</Filter>
    </ClCompile>
    <ClCompile Include="GeneratedFiles\Debug\moc_StressThread.cpp">
      <Filter>Generated Files\Debug</Filter>
    </ClCompile>
    <ClCompile Include="GeneratedFiles\Release\moc_StressThread.cpp">
      <Filter>Generated Files\Release</Filter>
    </ClCompile>
    <ClCompile Include="GeneratedFiles\Debug\moc_StressWorker.cpp">
      <Filter>Generated Files\Debug</Filter>
    </ClCompile>
    <ClCompile Include="GeneratedFiles\Release\moc_StressWorker.cpp">
      <Filter>Generated Files\Release</Filter>
    </ClCompile>
    <ClCompile Include="GeneratedFiles\Debug\moc_WaterfallCalcThread.cpp">
      <Filter>Generated Files\Debug</Filter>
    </ClCompile>
    <ClCompile Include="GeneratedFiles\Release\moc_WaterfallCalcThread.cpp">
      <Filter>Generated Files\Release</Filter>
    </ClCompile>
    <ClCompile Include="GeneratedFiles\Debug\moc_WaterfallCalculator.cpp">
      <Filter>Generated Files\Debug</Filter>
    </ClCompile>
    <ClCompile Include="GeneratedFiles\Release\moc_WaterfallCalculator.cpp">
      <Filter>Generated Files\Release</Filter>
    </ClCompile>
    <ClCompile Include="BloombergWorker.cpp">
      <Filter>Source Files\Common</Filter>
    </ClCompile>
    <ClCompile Include="CommonFunctions.cpp">
      <Filter>Source Files\Common</Filter>
    </ClCompile>
    <ClCompile Include="Mortgage.cpp">
      <Filter>Source Files\Common</Filter>
    </ClCompile>
    <ClCompile Include="MtgCalculator.cpp">
      <Filter>Source Files\Common</Filter>
    </ClCompile>
    <ClCompile Include="MtgCalculatorThread.cpp">
      <Filter>Source Files\Common</Filter>
    </ClCompile>
    <ClCompile Include="MtgCashFlow.cpp">
      <Filter>Source Files\Common</Filter>
    </ClCompile>
    <ClCompile Include="ProgressWidget.cpp">
      <Filter>Source Files\Common</Filter>
    </ClCompile>
    <ClCompile Include="ReinvestmentTest.cpp">
      <Filter>Source Files\Common</Filter>
    </ClCompile>
    <ClCompile Include="StressTest.cpp">
      <Filter>Source Files\Common</Filter>
    </ClCompile>
    <ClCompile Include="StressThread.cpp">
      <Filter>Source Files\Common</Filter>
    </ClCompile>
    <ClCompile Include="StressWorker.cpp">
      <Filter>Source Files\Common</Filter>
    </ClCompile>
    <ClCompile Include="Tranche.cpp">
      <Filter>Source Files\Common</Filter>
    </ClCompile>
    <ClCompile Include="TrancheCashFlow.cpp">
      <Filter>Source Files\Common</Filter>
    </ClCompile>
    <ClCompile Include="Waterfall.cpp">
      <Filter>Source Files\Common</Filter>
    </ClCompile>
    <ClCompile Include="WaterfallCalcThread.cpp">
      <Filter>Source Files\Common</Filter>
    </ClCompile>
    <ClCompile Include="WaterfallCalculator.cpp">
      <Filter>Source Files\Common</Filter>
    </ClCompile>
    <ClCompile Include="WatFalPrior.cpp">
      <Filter>Source Files\Common</Filter>
    </ClCompile>
    <ClCompile Include="quazip\unzip.c">
      <Filter>Source Files\Common</Filter>
    </ClCompile>
    <ClCompile Include="quazip\zip.c">
      <Filter>Source Files\Common</Filter>
    </ClCompile>
    <ClCompile Include="quazip\JlCompress.cpp">
      <Filter>Source Files\Common</Filter>
    </ClCompile>
    <ClCompile Include="quazip\qioapi.cpp">
      <Filter>Source Files\Common</Filter>
    </ClCompile>
    <ClCompile Include="quazip\quaadler32.cpp">
      <Filter>Source Files\Common</Filter>
    </ClCompile>
    <ClCompile Include="quazip\quacrc32.cpp">
      <Filter>Source Files\Common</Filter>
    </ClCompile>
    <ClCompile Include="quazip\quagzipfile.cpp">
      <Filter>Source Files\Common</Filter>
    </ClCompile>
    <ClCompile Include="quazip\quaziodevice.cpp">
      <Filter>Source Files\Common</Filter>
    </ClCompile>
    <ClCompile Include="quazip\quazip.cpp">
      <Filter>Source Files\Common</Filter>
    </ClCompile>
    <ClCompile Include="quazip\quazipdir.cpp">
      <Filter>Source Files\Common</Filter>
    </ClCompile>
    <ClCompile Include="quazip\quazipfile.cpp">
      <Filter>Source Files\Common</Filter>
    </ClCompile>
    <ClCompile Include="quazip\quazipfileinfo.cpp">
      <Filter>Source Files\Common</Filter>
    </ClCompile>
    <ClCompile Include="quazip\quazipnewinfo.cpp">
      <Filter>Source Files\Common</Filter>
    </ClCompile>
    <ClCompile Include="GeneratedFiles\qrc_reso.cpp">
      <Filter>Generated Files</Filter>
    </ClCompile>
    <ClCompile Include="StandaloneStress.cpp">
      <Filter>Source Files</Filter>
    </ClCompile>
    <ClCompile Include="GeneratedFiles\Debug\moc_StandaloneStress.cpp">
      <Filter>Generated Files\Debug</Filter>
    </ClCompile>
    <ClCompile Include="GeneratedFiles\Release\moc_StandaloneStress.cpp">
      <Filter>Generated Files\Release</Filter>
    </ClCompile>
    <ClCompile Include="AbstarctBbgVect.cpp">
      <Filter>Source Files\Common</Filter>
    </ClCompile>
    <ClCompile Include="AnnuityVector.cpp">
      <Filter>Source Files\Common</Filter>
    </ClCompile>
    <ClCompile Include="BloombergVector.cpp">
      <Filter>Source Files\Common</Filter>
    </ClCompile>
    <ClCompile Include="ExcelCommons.cpp">
      <Filter>Source Files</Filter>
    </ClCompile>
    <ClCompile Include="ExcelOutput.cpp">
      <Filter>Source Files</Filter>
    </ClCompile>
  </ItemGroup>
  <ItemGroup>
    <ClInclude Include="quazip\crypt.h">
      <Filter>Header Files</Filter>
    </ClInclude>
    <ClInclude Include="quazip\ioapi.h">
      <Filter>Header Files</Filter>
    </ClInclude>
    <ClInclude Include="quazip\JlCompress.h">
      <Filter>Header Files</Filter>
    </ClInclude>
    <ClInclude Include="quazip\quaadler32.h">
      <Filter>Header Files</Filter>
    </ClInclude>
    <ClInclude Include="quazip\quachecksum32.h">
      <Filter>Header Files</Filter>
    </ClInclude>
    <ClInclude Include="quazip\quacrc32.h">
      <Filter>Header Files</Filter>
    </ClInclude>
    <ClInclude Include="quazip\quazip.h">
      <Filter>Header Files</Filter>
    </ClInclude>
    <ClInclude Include="quazip\quazip_global.h">
      <Filter>Header Files</Filter>
    </ClInclude>
    <ClInclude Include="quazip\quazipdir.h">
      <Filter>Header Files</Filter>
    </ClInclude>
    <ClInclude Include="quazip\quazipfileinfo.h">
      <Filter>Header Files</Filter>
    </ClInclude>
    <ClInclude Include="quazip\quazipnewinfo.h">
      <Filter>Header Files</Filter>
    </ClInclude>
    <ClInclude Include="quazip\unzip.h">
      <Filter>Header Files</Filter>
    </ClInclude>
    <ClInclude Include="quazip\zip.h">
      <Filter>Header Files</Filter>
    </ClInclude>
    <ClInclude Include="BloombergWorker.h">
      <Filter>Header Files</Filter>
    </ClInclude>
    <ClInclude Include="CommonFunctions.h">
      <Filter>Header Files</Filter>
    </ClInclude>
    <ClInclude Include="Mortgage.h">
      <Filter>Header Files</Filter>
    </ClInclude>
    <ClInclude Include="MtgCashFlow.h">
      <Filter>Header Files</Filter>
    </ClInclude>
    <ClInclude Include="ReinvestmentTest.h">
      <Filter>Header Files</Filter>
    </ClInclude>
    <ClInclude Include="Tranche.h">
      <Filter>Header Files</Filter>
    </ClInclude>
    <ClInclude Include="TrancheCashFlow.h">
      <Filter>Header Files</Filter>
    </ClInclude>
    <ClInclude Include="Waterfall.h">
      <Filter>Header Files</Filter>
    </ClInclude>
    <ClInclude Include="WatFalPrior.h">
      <Filter>Header Files</Filter>
    </ClInclude>
    <ClInclude Include="AbstarctBbgVect.h">
      <Filter>Header Files</Filter>
    </ClInclude>
    <ClInclude Include="AnnuityVector.h">
      <Filter>Header Files</Filter>
    </ClInclude>
    <ClInclude Include="BloombergVector.h">
      <Filter>Header Files</Filter>
    </ClInclude>
    <ClInclude Include="resource.h">
      <Filter>Header Files</Filter>
    </ClInclude>
    <ClInclude Include="ExcelCommons.h">
      <Filter>Header Files</Filter>
    </ClInclude>
    <ClInclude Include="ExcelOutput.h">
      <Filter>Header Files</Filter>
    </ClInclude>
  </ItemGroup>
  <ItemGroup>
    <CustomBuild Include="quazip\quagzipfile.h">
      <Filter>Header Files</Filter>
    </CustomBuild>
    <CustomBuild Include="quazip\quaziodevice.h">
      <Filter>Header Files</Filter>
    </CustomBuild>
    <CustomBuild Include="quazip\quazipfile.h">
      <Filter>Header Files</Filter>
    </CustomBuild>
    <CustomBuild Include="MtgCalculator.h">
      <Filter>Header Files</Filter>
    </CustomBuild>
    <CustomBuild Include="MtgCalculatorThread.h">
      <Filter>Header Files</Filter>
    </CustomBuild>
    <CustomBuild Include="ProgressWidget.h">
      <Filter>Header Files</Filter>
    </CustomBuild>
    <CustomBuild Include="StressTest.h">
      <Filter>Header Files</Filter>
    </CustomBuild>
    <CustomBuild Include="StressThread.h">
      <Filter>Header Files</Filter>
    </CustomBuild>
    <CustomBuild Include="StressWorker.h">
      <Filter>Header Files</Filter>
    </CustomBuild>
    <CustomBuild Include="WaterfallCalcThread.h">
      <Filter>Header Files</Filter>
    </CustomBuild>
    <CustomBuild Include="WaterfallCalculator.h">
      <Filter>Header Files</Filter>
    </CustomBuild>
    <CustomBuild Include="reso.qrc">
      <Filter>Resource Files</Filter>
    </CustomBuild>
    <CustomBuild Include="StandaloneStress.h">
      <Filter>Header Files</Filter>
    </CustomBuild>
  </ItemGroup>
  <ItemGroup>
    <ResourceCompile Include="StandaloneViewer.rc" />
  </ItemGroup>
</Project>