<?xml version="1.0" encoding="utf-8"?>
<Project ToolsVersion="4.0" xmlns="http://schemas.microsoft.com/developer/msbuild/2003">
  <ItemGroup>
    <Filter Include="Source Files">
      <UniqueIdentifier>{4FC737F1-C7A5-4376-A066-2A32D752A2FF}</UniqueIdentifier>
      <Extensions>cpp;cxx;c;def</Extensions>
    </Filter>
    <Filter Include="Header Files">
      <UniqueIdentifier>{93995380-89BD-4b04-88EB-625FBE52EBFB}</UniqueIdentifier>
      <Extensions>h</Extensions>
    </Filter>
    <Filter Include="Form Files">
      <UniqueIdentifier>{99349809-55BA-4b9d-BF79-8FDBB0286EB3}</UniqueIdentifier>
      <Extensions>ui</Extensions>
    </Filter>
    <Filter Include="Resource Files">
      <UniqueIdentifier>{D9D6E242-F8AF-46E4-B9FD-80ECBC20BA3E}</UniqueIdentifier>
      <Extensions>qrc;*</Extensions>
      <ParseFiles>false</ParseFiles>
    </Filter>
    <Filter Include="Generated Files">
      <UniqueIdentifier>{71ED8ED8-ACB9-4CE9-BBE1-E00B30144E11}</UniqueIdentifier>
      <Extensions>moc;h;cpp</Extensions>
      <SourceControlFiles>False</SourceControlFiles>
    </Filter>
    <Filter Include="Generated Files\Debug">
      <UniqueIdentifier>{1c04cb2d-6818-4710-a227-6e8690fd8710}</UniqueIdentifier>
      <Extensions>cpp;moc</Extensions>
      <SourceControlFiles>False</SourceControlFiles>
    </Filter>
    <Filter Include="Generated Files\Release">
      <UniqueIdentifier>{5cb64969-9c56-4ddd-8f1a-a83a8a49e819}</UniqueIdentifier>
      <Extensions>cpp;moc</Extensions>
      <SourceControlFiles>False</SourceControlFiles>
    </Filter>
  </ItemGroup>
  <ItemGroup>
    <ClCompile Include="CentralUnitAPI.cpp">
      <Filter>Source Files</Filter>
    </ClCompile>
    <ClCompile Include="GeneratedFiles\Debug\moc_CentralUnitAPI.cpp">
      <Filter>Generated Files\Debug</Filter>
    </ClCompile>
    <ClCompile Include="GeneratedFiles\Release\moc_CentralUnitAPI.cpp">
      <Filter>Generated Files\Release</Filter>
    </ClCompile>
    <ClCompile Include="CentralUnitOverlay.cpp">
      <Filter>Source Files</Filter>
    </ClCompile>
    <ClCompile Include="GeneratedFiles\Debug\moc_CentralUnitOverlay.cpp">
      <Filter>Generated Files\Debug</Filter>
    </ClCompile>
    <ClCompile Include="GeneratedFiles\Release\moc_CentralUnitOverlay.cpp">
      <Filter>Generated Files\Release</Filter>
    </ClCompile>
    <ClCompile Include="IncludeAll.cpp">
      <Filter>Source Files</Filter>
    </ClCompile>
    <ClCompile Include="ManagedCommons.cpp">
      <Filter>Source Files</Filter>
    </ClCompile>
    <ClCompile Include="ManQBbg.cpp">
      <Filter>Source Files</Filter>
    </ClCompile>
    <ClCompile Include="ManUtilities.cpp">
      <Filter>Source Files</Filter>
    </ClCompile>
    <ClCompile Include="StressTestOverlay.cpp">
      <Filter>Source Files</Filter>
    </ClCompile>
    <ClCompile Include="GeneratedFiles\Debug\moc_StressTestOverlay.cpp">
      <Filter>Generated Files\Debug</Filter>
    </ClCompile>
    <ClCompile Include="GeneratedFiles\Release\moc_StressTestOverlay.cpp">
      <Filter>Generated Files\Release</Filter>
    </ClCompile>
  </ItemGroup>
  <ItemGroup>
    <CustomBuild Include="CentralUnitAPI.h">
      <Filter>Header Files</Filter>
    </CustomBuild>
    <CustomBuild Include="CentralUnitOverlay.h">
      <Filter>Header Files</Filter>
    </CustomBuild>
    <CustomBuild Include="StressTestOverlay.h">
      <Filter>Header Files</Filter>
    </CustomBuild>
  </ItemGroup>
  <ItemGroup>
    <ClInclude Include="ManagedCommons.h">
      <Filter>Header Files</Filter>
    </ClInclude>
    <ClInclude Include="ManBaseRateTable.h">
      <Filter>Header Files</Filter>
    </ClInclude>
    <ClInclude Include="ManBaseRateVector.h">
      <Filter>Header Files</Filter>
    </ClInclude>
    <ClInclude Include="ManBloombergVector.h">
      <Filter>Header Files</Filter>
    </ClInclude>
    <ClInclude Include="ManBoolVector.h">
      <Filter>Header Files</Filter>
    </ClInclude>
    <ClInclude Include="ManCentralUnit.h">
      <Filter>Header Files</Filter>
    </ClInclude>
    <ClInclude Include="ManGenericCashFlow.h">
      <Filter>Header Files</Filter>
    </ClInclude>
    <ClInclude Include="ManIntegerVector.h">
      <Filter>Header Files</Filter>
    </ClInclude>
    <ClInclude Include="ManMortgage.h">
      <Filter>Header Files</Filter>
    </ClInclude>
    <ClInclude Include="ManMtgCashFlow.h">
      <Filter>Header Files</Filter>
    </ClInclude>
    <ClInclude Include="ManQBbg.h">
      <Filter>Header Files</Filter>
    </ClInclude>
    <ClInclude Include="ManReinvestmentTest.h">
      <Filter>Header Files</Filter>
    </ClInclude>
    <ClInclude Include="ManRepaymentVector.h">
      <Filter>Header Files</Filter>
    </ClInclude>
    <ClInclude Include="ManReserveFund.h">
      <Filter>Header Files</Filter>
    </ClInclude>
    <ClInclude Include="ManStressTest.h">
      <Filter>Header Files</Filter>
    </ClInclude>
    <ClInclude Include="ManTranche.h">
      <Filter>Header Files</Filter>
    </ClInclude>
    <ClInclude Include="ManTrancheCashFlow.h">
      <Filter>Header Files</Filter>
    </ClInclude>
    <ClInclude Include="ManUtilities.h">
      <Filter>Header Files</Filter>
    </ClInclude>
    <ClInclude Include="ManWaterfall.h">
      <Filter>Header Files</Filter>
    </ClInclude>
    <ClInclude Include="ManWatFalPrior.h">
      <Filter>Header Files</Filter>
    </ClInclude>
  </ItemGroup>
</Project>